lockVersion: 2.0.0
id: 797f11e4-ae23-429d-b24e-dd7bb1e87a41
management:
  docChecksum: cef9428f22ad38f7077c532c7623f4fd
  docVersion: "1.1"
  speakeasyVersion: 1.277.6
  generationVersion: 2.319.7
  releaseVersion: 3.1.0
  configChecksum: bf8683a8c471e02a36aa4fcc194b9903
  repoURL: https://github.com/codatio/client-sdk-csharp.git
  repoSubDirectory: sync-for-commerce
  published: true
features:
  csharp:
    constsAndDefaults: 0.0.1
    core: 3.8.2
    deprecations: 2.81.2
    examples: 2.81.3
    globalSecurity: 2.83.4
    globalServerURLs: 2.82.3
    nameOverrides: 2.81.2
    responseFormat: 0.0.2
    webhooks: 1.0.0
generatedFiles:
  - Codat/Sync/Commerce/SyncFlowSettings.cs
  - Codat/Sync/Commerce/AdvancedControls.cs
  - Codat/Sync/Commerce/Connections.cs
  - Codat/Sync/Commerce/Sync.cs
  - Codat/Sync/Commerce/Integrations.cs
  - Codat/Sync/Commerce/CodatSyncCommerce.cs
  - global.json
  - Codat.Sync.Commerce.sln
  - Codat/Sync/Commerce/Utils/AnyDeserializer.cs
  - Codat/Sync/Commerce/Utils/BigIntStrConverter.cs
  - Codat/Sync/Commerce/Utils/DecimalStrConverter.cs
  - Codat/Sync/Commerce/Utils/EnumConverter.cs
  - Codat/Sync/Commerce/Utils/FlexibleObjectDeserializer.cs
  - Codat/Sync/Commerce/Utils/HeaderSerializer.cs
  - Codat/Sync/Commerce/Utils/IsoDateTimeSerializer.cs
  - Codat/Sync/Commerce/Utils/RequestBodySerializer.cs
  - Codat/Sync/Commerce/Utils/ResponseBodyDeserializer.cs
  - Codat/Sync/Commerce/Utils/SecurityMetadata.cs
  - Codat/Sync/Commerce/Utils/SpeakeasyHttpClient.cs
  - Codat/Sync/Commerce/Utils/SpeakeasyMetadata.cs
  - Codat/Sync/Commerce/Utils/URLBuilder.cs
  - Codat/Sync/Commerce/Utils/Utilities.cs
  - Codat/Sync/Commerce/Codat.Sync.Commerce.csproj
  - Codat/Sync/Commerce/Models/Errors/SDKException.cs
  - Codat/Sync/Commerce/Models/Operations/GetConfigTextSyncFlowRequest.cs
  - Codat/Sync/Commerce/Models/Operations/GetConfigTextSyncFlowResponse.cs
  - Codat/Sync/Commerce/Models/Operations/GetVisibleAccountsRequest.cs
  - Codat/Sync/Commerce/Models/Operations/GetVisibleAccountsResponse.cs
  - Codat/Sync/Commerce/Models/Operations/UpdateConfigTextSyncFlowRequest.cs
  - Codat/Sync/Commerce/Models/Operations/UpdateConfigTextSyncFlowResponse.cs
  - Codat/Sync/Commerce/Models/Operations/UpdateVisibleAccountsSyncFlowRequest.cs
  - Codat/Sync/Commerce/Models/Operations/UpdateVisibleAccountsSyncFlowResponse.cs
  - Codat/Sync/Commerce/Models/Operations/CreateCompanyResponse.cs
  - Codat/Sync/Commerce/Models/Operations/GetConfigurationRequest.cs
  - Codat/Sync/Commerce/Models/Operations/GetConfigurationResponse.cs
  - Codat/Sync/Commerce/Models/Operations/ListCompaniesRequest.cs
  - Codat/Sync/Commerce/Models/Operations/ListCompaniesResponse.cs
  - Codat/Sync/Commerce/Models/Operations/SetConfigurationRequest.cs
  - Codat/Sync/Commerce/Models/Operations/SetConfigurationResponse.cs
  - Codat/Sync/Commerce/Models/Operations/CreateConnectionRequestBody.cs
  - Codat/Sync/Commerce/Models/Operations/CreateConnectionRequest.cs
  - Codat/Sync/Commerce/Models/Operations/CreateConnectionResponse.cs
  - Codat/Sync/Commerce/Models/Operations/GetSyncFlowUrlRequest.cs
  - Codat/Sync/Commerce/Models/Operations/GetSyncFlowUrlResponse.cs
  - Codat/Sync/Commerce/Models/Operations/ListConnectionsRequest.cs
  - Codat/Sync/Commerce/Models/Operations/ListConnectionsResponse.cs
  - Codat/Sync/Commerce/Models/Operations/UpdateConnectionAuthorizationRequest.cs
  - Codat/Sync/Commerce/Models/Operations/UpdateConnectionAuthorizationResponse.cs
  - Codat/Sync/Commerce/Models/Operations/UpdateConnectionRequest.cs
  - Codat/Sync/Commerce/Models/Operations/UpdateConnectionResponse.cs
  - Codat/Sync/Commerce/Models/Operations/GetSyncByIdRequest.cs
  - Codat/Sync/Commerce/Models/Operations/GetSyncByIdResponse.cs
  - Codat/Sync/Commerce/Models/Operations/GetLastSuccessfulSyncRequest.cs
  - Codat/Sync/Commerce/Models/Operations/GetLastSuccessfulSyncResponse.cs
  - Codat/Sync/Commerce/Models/Operations/GetLatestSyncRequest.cs
  - Codat/Sync/Commerce/Models/Operations/GetLatestSyncResponse.cs
  - Codat/Sync/Commerce/Models/Operations/GetSyncStatusRequest.cs
  - Codat/Sync/Commerce/Models/Operations/GetSyncStatusResponse.cs
  - Codat/Sync/Commerce/Models/Operations/ListSyncsRequest.cs
  - Codat/Sync/Commerce/Models/Operations/ListSyncsResponse.cs
  - Codat/Sync/Commerce/Models/Operations/RequestSyncRequest.cs
  - Codat/Sync/Commerce/Models/Operations/RequestSyncResponse.cs
  - Codat/Sync/Commerce/Models/Operations/RequestSyncForDateRangeRequest.cs
  - Codat/Sync/Commerce/Models/Operations/RequestSyncForDateRangeResponse.cs
  - Codat/Sync/Commerce/Models/Operations/GetIntegrationBrandingRequest.cs
  - Codat/Sync/Commerce/Models/Operations/GetIntegrationBrandingResponse.cs
  - Codat/Sync/Commerce/Models/Operations/ListIntegrationsRequest.cs
  - Codat/Sync/Commerce/Models/Operations/ListIntegrationsResponse.cs
  - Codat/Sync/Commerce/Models/Shared/Localization.cs
  - Codat/Sync/Commerce/Models/Shared/ErrorValidation.cs
  - Codat/Sync/Commerce/Models/Shared/ErrorValidationItem.cs
  - Codat/Sync/Commerce/Models/Shared/Locale.cs
  - Codat/Sync/Commerce/Models/Shared/VisibleAccounts.cs
  - Codat/Sync/Commerce/Models/Shared/GroupReference.cs
  - Codat/Sync/Commerce/Models/Shared/Company.cs
  - Codat/Sync/Commerce/Models/Shared/Connection.cs
  - Codat/Sync/Commerce/Models/Shared/DataConnectionStatus.cs
  - Codat/Sync/Commerce/Models/Shared/SourceType.cs
  - Codat/Sync/Commerce/Models/Shared/DataConnectionError.cs
  - Codat/Sync/Commerce/Models/Shared/CreateCompany.cs
  - Codat/Sync/Commerce/Models/Shared/Items.cs
  - Codat/Sync/Commerce/Models/Shared/Configuration.cs
  - Codat/Sync/Commerce/Models/Shared/SyncSchedule.cs
  - Codat/Sync/Commerce/Models/Shared/SyncFrequency.cs
  - Codat/Sync/Commerce/Models/Shared/CommerceConfiguration.cs
  - Codat/Sync/Commerce/Models/Shared/SalesConfiguration.cs
  - Codat/Sync/Commerce/Models/Shared/TaxRateAmount.cs
  - Codat/Sync/Commerce/Models/Shared/ConfigurationOption.cs
  - Codat/Sync/Commerce/Models/Shared/SalesCustomer.cs
  - Codat/Sync/Commerce/Models/Shared/NewTaxRates.cs
  - Codat/Sync/Commerce/Models/Shared/TaxRateMapping.cs
  - Codat/Sync/Commerce/Models/Shared/InvoiceStatus.cs
  - Codat/Sync/Commerce/Models/Shared/Grouping.cs
  - Codat/Sync/Commerce/Models/Shared/GroupingPeriod.cs
  - Codat/Sync/Commerce/Models/Shared/GroupingLevels.cs
  - Codat/Sync/Commerce/Models/Shared/InvoiceLineLevelSelection.cs
  - Codat/Sync/Commerce/Models/Shared/InvoiceLevelSelection.cs
  - Codat/Sync/Commerce/Models/Shared/AccountConfiguration.cs
  - Codat/Sync/Commerce/Models/Shared/AccountConfigurationOption.cs
  - Codat/Sync/Commerce/Models/Shared/PaymentsConfiguration.cs
  - Codat/Sync/Commerce/Models/Shared/NewPaymentsConfiguration.cs
  - Codat/Sync/Commerce/Models/Shared/OutputFormat.cs
  - Codat/Sync/Commerce/Models/Shared/ConfigurationMapSettings.cs
  - Codat/Sync/Commerce/Models/Shared/FeesConfiguration.cs
  - Codat/Sync/Commerce/Models/Shared/FeesSupplier.cs
  - Codat/Sync/Commerce/Models/Shared/Companies.cs
  - Codat/Sync/Commerce/Models/Shared/Links.cs
  - Codat/Sync/Commerce/Models/Shared/HalRef.cs
  - Codat/Sync/Commerce/Models/Shared/SyncFlowUrl.cs
  - Codat/Sync/Commerce/Models/Shared/Connections.cs
  - Codat/Sync/Commerce/Models/Shared/UpdateConnection.cs
  - Codat/Sync/Commerce/Models/Shared/CompanySyncStatus.cs
  - Codat/Sync/Commerce/Models/Shared/SyncStatus.cs
  - Codat/Sync/Commerce/Models/Shared/SyncDateRangeUtc.cs
  - Codat/Sync/Commerce/Models/Shared/SyncSummary.cs
  - Codat/Sync/Commerce/Models/Shared/SyncToLatestArgs.cs
  - Codat/Sync/Commerce/Models/Shared/DateRange.cs
  - Codat/Sync/Commerce/Models/Shared/SyncRange.cs
  - Codat/Sync/Commerce/Models/Shared/Branding.cs
  - Codat/Sync/Commerce/Models/Shared/BrandingLogo.cs
  - Codat/Sync/Commerce/Models/Shared/BrandingImage.cs
  - Codat/Sync/Commerce/Models/Shared/ImageReference.cs
  - Codat/Sync/Commerce/Models/Shared/BrandingButton.cs
  - Codat/Sync/Commerce/Models/Shared/Integrations.cs
  - Codat/Sync/Commerce/Models/Shared/Integration.cs
  - Codat/Sync/Commerce/Models/Shared/DataTypes.cs
  - Codat/Sync/Commerce/Models/Shared/DataTypeFeature.cs
  - Codat/Sync/Commerce/Models/Shared/SupportedFeature.cs
  - Codat/Sync/Commerce/Models/Shared/FeatureType.cs
  - Codat/Sync/Commerce/Models/Shared/FeatureState.cs
  - Codat/Sync/Commerce/Models/Shared/Security.cs
  - Codat/Sync/Commerce/Models/Shared/SyncConnectionDeletedWebhook.cs
  - Codat/Sync/Commerce/Models/Errors/ErrorMessage.cs
  - Codat/Sync/Commerce/Models/Webhooks/SyncConnectionDeletedResponse.cs
  - docs/Models/Operations/GetConfigTextSyncFlowRequest.md
  - docs/Models/Operations/GetConfigTextSyncFlowResponse.md
  - docs/Models/Operations/GetVisibleAccountsRequest.md
  - docs/Models/Operations/GetVisibleAccountsResponse.md
  - docs/Models/Operations/UpdateConfigTextSyncFlowRequest.md
  - docs/Models/Operations/UpdateConfigTextSyncFlowResponse.md
  - docs/Models/Operations/UpdateVisibleAccountsSyncFlowRequest.md
  - docs/Models/Operations/UpdateVisibleAccountsSyncFlowResponse.md
  - docs/Models/Operations/CreateCompanyResponse.md
  - docs/Models/Operations/GetConfigurationRequest.md
  - docs/Models/Operations/GetConfigurationResponse.md
  - docs/Models/Operations/ListCompaniesRequest.md
  - docs/Models/Operations/ListCompaniesResponse.md
  - docs/Models/Operations/SetConfigurationRequest.md
  - docs/Models/Operations/SetConfigurationResponse.md
  - docs/Models/Operations/CreateConnectionRequestBody.md
  - docs/Models/Operations/CreateConnectionRequest.md
  - docs/Models/Operations/CreateConnectionResponse.md
  - docs/Models/Operations/GetSyncFlowUrlRequest.md
  - docs/Models/Operations/GetSyncFlowUrlResponse.md
  - docs/Models/Operations/ListConnectionsRequest.md
  - docs/Models/Operations/ListConnectionsResponse.md
  - docs/Models/Operations/UpdateConnectionAuthorizationRequest.md
  - docs/Models/Operations/UpdateConnectionAuthorizationResponse.md
  - docs/Models/Operations/UpdateConnectionRequest.md
  - docs/Models/Operations/UpdateConnectionResponse.md
  - docs/Models/Operations/GetSyncByIdRequest.md
  - docs/Models/Operations/GetSyncByIdResponse.md
  - docs/Models/Operations/GetLastSuccessfulSyncRequest.md
  - docs/Models/Operations/GetLastSuccessfulSyncResponse.md
  - docs/Models/Operations/GetLatestSyncRequest.md
  - docs/Models/Operations/GetLatestSyncResponse.md
  - docs/Models/Operations/GetSyncStatusRequest.md
  - docs/Models/Operations/GetSyncStatusResponse.md
  - docs/Models/Operations/ListSyncsRequest.md
  - docs/Models/Operations/ListSyncsResponse.md
  - docs/Models/Operations/RequestSyncRequest.md
  - docs/Models/Operations/RequestSyncResponse.md
  - docs/Models/Operations/RequestSyncForDateRangeRequest.md
  - docs/Models/Operations/RequestSyncForDateRangeResponse.md
  - docs/Models/Operations/GetIntegrationBrandingRequest.md
  - docs/Models/Operations/GetIntegrationBrandingResponse.md
  - docs/Models/Operations/ListIntegrationsRequest.md
  - docs/Models/Operations/ListIntegrationsResponse.md
  - docs/Models/Shared/Localization.md
  - docs/Models/Shared/ErrorValidation.md
  - docs/Models/Shared/ErrorValidationItem.md
  - docs/Models/Shared/Locale.md
  - docs/Models/Shared/VisibleAccounts.md
  - docs/Models/Shared/GroupReference.md
  - docs/Models/Shared/Company.md
  - docs/Models/Shared/Connection.md
  - docs/Models/Shared/DataConnectionStatus.md
  - docs/Models/Shared/SourceType.md
  - docs/Models/Shared/DataConnectionError.md
  - docs/Models/Shared/CreateCompany.md
  - docs/Models/Shared/Items.md
  - docs/Models/Shared/Configuration.md
  - docs/Models/Shared/SyncSchedule.md
  - docs/Models/Shared/SyncFrequency.md
  - docs/Models/Shared/CommerceConfiguration.md
  - docs/Models/Shared/SalesConfiguration.md
  - docs/Models/Shared/TaxRateAmount.md
  - docs/Models/Shared/ConfigurationOption.md
  - docs/Models/Shared/SalesCustomer.md
  - docs/Models/Shared/NewTaxRates.md
  - docs/Models/Shared/TaxRateMapping.md
  - docs/Models/Shared/InvoiceStatus.md
  - docs/Models/Shared/Grouping.md
  - docs/Models/Shared/GroupingPeriod.md
  - docs/Models/Shared/GroupingLevels.md
  - docs/Models/Shared/InvoiceLineLevelSelection.md
  - docs/Models/Shared/InvoiceLevelSelection.md
  - docs/Models/Shared/AccountConfiguration.md
  - docs/Models/Shared/AccountConfigurationOption.md
  - docs/Models/Shared/PaymentsConfiguration.md
  - docs/Models/Shared/NewPaymentsConfiguration.md
  - docs/Models/Shared/OutputFormat.md
  - docs/Models/Shared/ConfigurationMapSettings.md
  - docs/Models/Shared/FeesConfiguration.md
  - docs/Models/Shared/FeesSupplier.md
  - docs/Models/Shared/Companies.md
  - docs/Models/Shared/Links.md
  - docs/Models/Shared/HalRef.md
  - docs/Models/Shared/SyncFlowUrl.md
  - docs/Models/Shared/Connections.md
  - docs/Models/Shared/UpdateConnection.md
  - docs/Models/Shared/CompanySyncStatus.md
  - docs/Models/Shared/SyncStatus.md
  - docs/Models/Shared/SyncDateRangeUtc.md
  - docs/Models/Shared/SyncSummary.md
  - docs/Models/Shared/SyncToLatestArgs.md
  - docs/Models/Shared/DateRange.md
  - docs/Models/Shared/SyncRange.md
  - docs/Models/Shared/Branding.md
  - docs/Models/Shared/BrandingLogo.md
  - docs/Models/Shared/BrandingImage.md
  - docs/Models/Shared/ImageReference.md
  - docs/Models/Shared/BrandingButton.md
  - docs/Models/Shared/Integrations.md
  - docs/Models/Shared/Integration.md
  - docs/Models/Shared/DataTypes.md
  - docs/Models/Shared/DataTypeFeature.md
  - docs/Models/Shared/SupportedFeature.md
  - docs/Models/Shared/FeatureType.md
  - docs/Models/Shared/FeatureState.md
  - docs/Models/Shared/Security.md
  - docs/Models/Shared/SyncConnectionDeletedWebhook.md
  - docs/Models/Errors/ErrorMessage.md
  - docs/Models/Webhooks/SyncConnectionDeletedResponse.md
  - docs/sdks/codatsynccommerce/README.md
  - docs/sdks/syncflowsettings/README.md
  - docs/sdks/advancedcontrols/README.md
  - docs/sdks/connections/README.md
  - docs/sdks/sync/README.md
  - docs/sdks/integrations/README.md
  - USAGE.md
  - .gitattributes
  - Codat/Sync/Commerce/Hooks/SDKHooks.cs
  - Codat/Sync/Commerce/Hooks/HookTypes.cs
