lockVersion: 2.0.0
id: c60f20d2-c319-4f3b-9b31-8f8b8c99baad
management:
  docChecksum: ee1fff3698722f577a7d769881607f31
  docVersion: 3.0.0
  speakeasyVersion: 1.277.6
  generationVersion: 2.319.7
  releaseVersion: 3.1.0
  configChecksum: 621a67b94dd36814c30686fd8b86e0c3
  repoURL: https://github.com/codatio/client-sdk-csharp.git
  repoSubDirectory: sync-for-payroll
  published: true
features:
  csharp:
    constsAndDefaults: 0.0.1
    core: 3.8.2
    decimal: 0.1.0
    deprecations: 2.81.2
    examples: 2.81.3
    globalSecurity: 2.83.4
    globalServerURLs: 2.82.3
    inputOutputModels: 2.83.0
    nameOverrides: 2.81.2
    responseFormat: 0.0.2
    webhooks: 1.0.0
generatedFiles:
  - Codat/Sync/Payroll/Companies.cs
  - Codat/Sync/Payroll/Connections.cs
  - Codat/Sync/Payroll/Accounts.cs
  - Codat/Sync/Payroll/JournalEntries.cs
  - Codat/Sync/Payroll/Journals.cs
  - Codat/Sync/Payroll/ManageData.cs
  - Codat/Sync/Payroll/CompanyInfo.cs
  - Codat/Sync/Payroll/TrackingCategories.cs
  - Codat/Sync/Payroll/CodatSyncPayroll.cs
  - global.json
  - Codat.Sync.Payroll.sln
  - Codat/Sync/Payroll/Utils/AnyDeserializer.cs
  - Codat/Sync/Payroll/Utils/BigIntStrConverter.cs
  - Codat/Sync/Payroll/Utils/DecimalStrConverter.cs
  - Codat/Sync/Payroll/Utils/EnumConverter.cs
  - Codat/Sync/Payroll/Utils/FlexibleObjectDeserializer.cs
  - Codat/Sync/Payroll/Utils/HeaderSerializer.cs
  - Codat/Sync/Payroll/Utils/IsoDateTimeSerializer.cs
  - Codat/Sync/Payroll/Utils/RequestBodySerializer.cs
  - Codat/Sync/Payroll/Utils/ResponseBodyDeserializer.cs
  - Codat/Sync/Payroll/Utils/SecurityMetadata.cs
  - Codat/Sync/Payroll/Utils/SpeakeasyHttpClient.cs
  - Codat/Sync/Payroll/Utils/SpeakeasyMetadata.cs
  - Codat/Sync/Payroll/Utils/URLBuilder.cs
  - Codat/Sync/Payroll/Utils/Utilities.cs
  - Codat/Sync/Payroll/Codat.Sync.Payroll.csproj
  - Codat/Sync/Payroll/Models/Errors/SDKException.cs
  - Codat/Sync/Payroll/Models/Operations/CreateCompanyResponse.cs
  - Codat/Sync/Payroll/Models/Operations/DeleteCompanyRequest.cs
  - Codat/Sync/Payroll/Models/Operations/DeleteCompanyResponse.cs
  - Codat/Sync/Payroll/Models/Operations/GetCompanyRequest.cs
  - Codat/Sync/Payroll/Models/Operations/GetCompanyResponse.cs
  - Codat/Sync/Payroll/Models/Operations/ListCompaniesRequest.cs
  - Codat/Sync/Payroll/Models/Operations/ListCompaniesResponse.cs
  - Codat/Sync/Payroll/Models/Operations/UpdateCompanyRequest.cs
  - Codat/Sync/Payroll/Models/Operations/UpdateCompanyResponse.cs
  - Codat/Sync/Payroll/Models/Operations/CreateConnectionRequestBody.cs
  - Codat/Sync/Payroll/Models/Operations/CreateConnectionRequest.cs
  - Codat/Sync/Payroll/Models/Operations/CreateConnectionResponse.cs
  - Codat/Sync/Payroll/Models/Operations/DeleteConnectionRequest.cs
  - Codat/Sync/Payroll/Models/Operations/DeleteConnectionResponse.cs
  - Codat/Sync/Payroll/Models/Operations/GetConnectionRequest.cs
  - Codat/Sync/Payroll/Models/Operations/GetConnectionResponse.cs
  - Codat/Sync/Payroll/Models/Operations/ListConnectionsRequest.cs
  - Codat/Sync/Payroll/Models/Operations/ListConnectionsResponse.cs
  - Codat/Sync/Payroll/Models/Operations/UnlinkConnectionUpdateConnection.cs
  - Codat/Sync/Payroll/Models/Operations/UnlinkConnectionRequest.cs
  - Codat/Sync/Payroll/Models/Operations/UnlinkConnectionResponse.cs
  - Codat/Sync/Payroll/Models/Operations/CreateAccountRequest.cs
  - Codat/Sync/Payroll/Models/Operations/CreateAccountResponse.cs
  - Codat/Sync/Payroll/Models/Operations/GetAccountRequest.cs
  - Codat/Sync/Payroll/Models/Operations/GetAccountResponse.cs
  - Codat/Sync/Payroll/Models/Operations/GetCreateAccountsModelRequest.cs
  - Codat/Sync/Payroll/Models/Operations/GetCreateAccountsModelResponse.cs
  - Codat/Sync/Payroll/Models/Operations/ListAccountsRequest.cs
  - Codat/Sync/Payroll/Models/Operations/ListAccountsResponse.cs
  - Codat/Sync/Payroll/Models/Operations/CreateJournalEntryRequest.cs
  - Codat/Sync/Payroll/Models/Operations/CreateJournalEntryResponse.cs
  - Codat/Sync/Payroll/Models/Operations/DeleteJournalEntryRequest.cs
  - Codat/Sync/Payroll/Models/Operations/DeleteJournalEntryResponse.cs
  - Codat/Sync/Payroll/Models/Operations/GetJournalEntryRequest.cs
  - Codat/Sync/Payroll/Models/Operations/GetJournalEntryResponse.cs
  - Codat/Sync/Payroll/Models/Operations/GetCreateJournalEntryModelRequest.cs
  - Codat/Sync/Payroll/Models/Operations/GetCreateJournalEntryModelResponse.cs
  - Codat/Sync/Payroll/Models/Operations/ListJournalEntriesRequest.cs
  - Codat/Sync/Payroll/Models/Operations/ListJournalEntriesResponse.cs
  - Codat/Sync/Payroll/Models/Operations/CreateJournalRequest.cs
  - Codat/Sync/Payroll/Models/Operations/CreateJournalResponse.cs
  - Codat/Sync/Payroll/Models/Operations/GetJournalRequest.cs
  - Codat/Sync/Payroll/Models/Operations/GetJournalResponse.cs
  - Codat/Sync/Payroll/Models/Operations/GetCreateJournalModelRequest.cs
  - Codat/Sync/Payroll/Models/Operations/GetCreateJournalModelResponse.cs
  - Codat/Sync/Payroll/Models/Operations/ListJournalsRequest.cs
  - Codat/Sync/Payroll/Models/Operations/ListJournalsResponse.cs
  - Codat/Sync/Payroll/Models/Operations/GetDataStatusRequest.cs
  - Codat/Sync/Payroll/Models/Operations/GetDataStatusDataStatuses.cs
  - Codat/Sync/Payroll/Models/Operations/GetDataStatusResponse.cs
  - Codat/Sync/Payroll/Models/Operations/GetPullOperationRequest.cs
  - Codat/Sync/Payroll/Models/Operations/GetPullOperationResponse.cs
  - Codat/Sync/Payroll/Models/Operations/GetPushOperationRequest.cs
  - Codat/Sync/Payroll/Models/Operations/GetPushOperationResponse.cs
  - Codat/Sync/Payroll/Models/Operations/ListPushOperationsRequest.cs
  - Codat/Sync/Payroll/Models/Operations/ListPushOperationsResponse.cs
  - Codat/Sync/Payroll/Models/Operations/ListPullOperationsRequest.cs
  - Codat/Sync/Payroll/Models/Operations/ListPullOperationsResponse.cs
  - Codat/Sync/Payroll/Models/Operations/RefreshAllDataTypesRequest.cs
  - Codat/Sync/Payroll/Models/Operations/RefreshAllDataTypesResponse.cs
  - Codat/Sync/Payroll/Models/Operations/RefreshDataTypeRequest.cs
  - Codat/Sync/Payroll/Models/Operations/RefreshDataTypeResponse.cs
  - Codat/Sync/Payroll/Models/Operations/GetAccountingProfileRequest.cs
  - Codat/Sync/Payroll/Models/Operations/GetAccountingProfileResponse.cs
  - Codat/Sync/Payroll/Models/Operations/GetTrackingCategoryRequest.cs
  - Codat/Sync/Payroll/Models/Operations/GetTrackingCategoryResponse.cs
  - Codat/Sync/Payroll/Models/Operations/ListTrackingCategoriesRequest.cs
  - Codat/Sync/Payroll/Models/Operations/ListTrackingCategoriesResponse.cs
  - Codat/Sync/Payroll/Models/Shared/GroupReference.cs
  - Codat/Sync/Payroll/Models/Shared/Company.cs
  - Codat/Sync/Payroll/Models/Shared/SourceType.cs
  - Codat/Sync/Payroll/Models/Shared/Connection.cs
  - Codat/Sync/Payroll/Models/Shared/DataConnectionStatus.cs
  - Codat/Sync/Payroll/Models/Shared/DataConnectionError.cs
  - Codat/Sync/Payroll/Models/Shared/ErrorValidation.cs
  - Codat/Sync/Payroll/Models/Shared/ErrorValidationItem.cs
  - Codat/Sync/Payroll/Models/Shared/CompanyRequestBody.cs
  - Codat/Sync/Payroll/Models/Shared/Items.cs
  - Codat/Sync/Payroll/Models/Shared/Companies.cs
  - Codat/Sync/Payroll/Models/Shared/Links.cs
  - Codat/Sync/Payroll/Models/Shared/HalRef.cs
  - Codat/Sync/Payroll/Models/Shared/Connections.cs
  - Codat/Sync/Payroll/Models/Shared/CreateAccountResponseMetadata.cs
  - Codat/Sync/Payroll/Models/Shared/CreateAccountResponseValidDataTypeLinks.cs
  - Codat/Sync/Payroll/Models/Shared/AccountingAccount.cs
  - Codat/Sync/Payroll/Models/Shared/CreateAccountResponse.cs
  - Codat/Sync/Payroll/Models/Shared/Validation.cs
  - Codat/Sync/Payroll/Models/Shared/ValidationItem.cs
  - Codat/Sync/Payroll/Models/Shared/PushOperationStatus.cs
  - Codat/Sync/Payroll/Models/Shared/DataType.cs
  - Codat/Sync/Payroll/Models/Shared/AccountType.cs
  - Codat/Sync/Payroll/Models/Shared/SupplementalData.cs
  - Codat/Sync/Payroll/Models/Shared/AccountStatus.cs
  - Codat/Sync/Payroll/Models/Shared/PushOperationChange.cs
  - Codat/Sync/Payroll/Models/Shared/PushChangeType.cs
  - Codat/Sync/Payroll/Models/Shared/PushOperationRef.cs
  - Codat/Sync/Payroll/Models/Shared/ValidDataTypeLinks.cs
  - Codat/Sync/Payroll/Models/Shared/AccountPrototype.cs
  - Codat/Sync/Payroll/Models/Shared/AccountMetadata.cs
  - Codat/Sync/Payroll/Models/Shared/AccountValidDataTypeLinks.cs
  - Codat/Sync/Payroll/Models/Shared/Account.cs
  - Codat/Sync/Payroll/Models/Shared/PushOption.cs
  - Codat/Sync/Payroll/Models/Shared/PushValidationInfo.cs
  - Codat/Sync/Payroll/Models/Shared/PushFieldValidation.cs
  - Codat/Sync/Payroll/Models/Shared/PushOptionType.cs
  - Codat/Sync/Payroll/Models/Shared/PushOptionProperty.cs
  - Codat/Sync/Payroll/Models/Shared/PushOptionChoice.cs
  - Codat/Sync/Payroll/Models/Shared/Accounts.cs
  - Codat/Sync/Payroll/Models/Shared/AccountingJournalEntry.cs
  - Codat/Sync/Payroll/Models/Shared/CreateJournalEntryResponse.cs
  - Codat/Sync/Payroll/Models/Shared/JournalEntryRecordRefDataType.cs
  - Codat/Sync/Payroll/Models/Shared/JournalEntryRecordRef.cs
  - Codat/Sync/Payroll/Models/Shared/Metadata.cs
  - Codat/Sync/Payroll/Models/Shared/JournalRef.cs
  - Codat/Sync/Payroll/Models/Shared/Tracking.cs
  - Codat/Sync/Payroll/Models/Shared/JournalLine.cs
  - Codat/Sync/Payroll/Models/Shared/TrackingRecordRefDataType.cs
  - Codat/Sync/Payroll/Models/Shared/TrackingRecordRef.cs
  - Codat/Sync/Payroll/Models/Shared/AccountRef.cs
  - Codat/Sync/Payroll/Models/Shared/JournalEntry.cs
  - Codat/Sync/Payroll/Models/Shared/PushOperation.cs
  - Codat/Sync/Payroll/Models/Shared/JournalEntries.cs
  - Codat/Sync/Payroll/Models/Shared/AccountingJournal.cs
  - Codat/Sync/Payroll/Models/Shared/CreateJournalResponse.cs
  - Codat/Sync/Payroll/Models/Shared/JournalStatus.cs
  - Codat/Sync/Payroll/Models/Shared/JournalPrototype.cs
  - Codat/Sync/Payroll/Models/Shared/Journal.cs
  - Codat/Sync/Payroll/Models/Shared/Journals.cs
  - Codat/Sync/Payroll/Models/Shared/DataTypes.cs
  - Codat/Sync/Payroll/Models/Shared/DataStatus.cs
  - Codat/Sync/Payroll/Models/Shared/PropertieStatus.cs
  - Codat/Sync/Payroll/Models/Shared/DatasetStatus.cs
  - Codat/Sync/Payroll/Models/Shared/PullOperation.cs
  - Codat/Sync/Payroll/Models/Shared/PushOperations.cs
  - Codat/Sync/Payroll/Models/Shared/PullOperations.cs
  - Codat/Sync/Payroll/Models/Shared/SchemaDataType.cs
  - Codat/Sync/Payroll/Models/Shared/CompanyInfo.cs
  - Codat/Sync/Payroll/Models/Shared/Type.cs
  - Codat/Sync/Payroll/Models/Shared/WebLink.cs
  - Codat/Sync/Payroll/Models/Shared/PhoneNumber.cs
  - Codat/Sync/Payroll/Models/Shared/PhoneNumberType.cs
  - Codat/Sync/Payroll/Models/Shared/Address.cs
  - Codat/Sync/Payroll/Models/Shared/AccountingAddressType.cs
  - Codat/Sync/Payroll/Models/Shared/TrackingCategoryTree.cs
  - Codat/Sync/Payroll/Models/Shared/Status.cs
  - Codat/Sync/Payroll/Models/Shared/TrackingCategories.cs
  - Codat/Sync/Payroll/Models/Shared/TrackingCategory.cs
  - Codat/Sync/Payroll/Models/Shared/Security.cs
  - Codat/Sync/Payroll/Models/Shared/ClientRateLimitReachedWebhook.cs
  - Codat/Sync/Payroll/Models/Shared/ClientRateLimitReachedWebhookData.cs
  - Codat/Sync/Payroll/Models/Shared/ClientRateLimitResetWebhook.cs
  - Codat/Sync/Payroll/Models/Shared/ClientRateLimitResetWebhookData.cs
  - Codat/Sync/Payroll/Models/Errors/ErrorMessage.cs
  - Codat/Sync/Payroll/Models/Webhooks/ClientRateLimitReachedResponse.cs
  - Codat/Sync/Payroll/Models/Webhooks/ClientRateLimitResetResponse.cs
  - docs/Models/Operations/CreateCompanyResponse.md
  - docs/Models/Operations/DeleteCompanyRequest.md
  - docs/Models/Operations/DeleteCompanyResponse.md
  - docs/Models/Operations/GetCompanyRequest.md
  - docs/Models/Operations/GetCompanyResponse.md
  - docs/Models/Operations/ListCompaniesRequest.md
  - docs/Models/Operations/ListCompaniesResponse.md
  - docs/Models/Operations/UpdateCompanyRequest.md
  - docs/Models/Operations/UpdateCompanyResponse.md
  - docs/Models/Operations/CreateConnectionRequestBody.md
  - docs/Models/Operations/CreateConnectionRequest.md
  - docs/Models/Operations/CreateConnectionResponse.md
  - docs/Models/Operations/DeleteConnectionRequest.md
  - docs/Models/Operations/DeleteConnectionResponse.md
  - docs/Models/Operations/GetConnectionRequest.md
  - docs/Models/Operations/GetConnectionResponse.md
  - docs/Models/Operations/ListConnectionsRequest.md
  - docs/Models/Operations/ListConnectionsResponse.md
  - docs/Models/Operations/UnlinkConnectionUpdateConnection.md
  - docs/Models/Operations/UnlinkConnectionRequest.md
  - docs/Models/Operations/UnlinkConnectionResponse.md
  - docs/Models/Operations/CreateAccountRequest.md
  - docs/Models/Operations/CreateAccountResponse.md
  - docs/Models/Operations/GetAccountRequest.md
  - docs/Models/Operations/GetAccountResponse.md
  - docs/Models/Operations/GetCreateAccountsModelRequest.md
  - docs/Models/Operations/GetCreateAccountsModelResponse.md
  - docs/Models/Operations/ListAccountsRequest.md
  - docs/Models/Operations/ListAccountsResponse.md
  - docs/Models/Operations/CreateJournalEntryRequest.md
  - docs/Models/Operations/CreateJournalEntryResponse.md
  - docs/Models/Operations/DeleteJournalEntryRequest.md
  - docs/Models/Operations/DeleteJournalEntryResponse.md
  - docs/Models/Operations/GetJournalEntryRequest.md
  - docs/Models/Operations/GetJournalEntryResponse.md
  - docs/Models/Operations/GetCreateJournalEntryModelRequest.md
  - docs/Models/Operations/GetCreateJournalEntryModelResponse.md
  - docs/Models/Operations/ListJournalEntriesRequest.md
  - docs/Models/Operations/ListJournalEntriesResponse.md
  - docs/Models/Operations/CreateJournalRequest.md
  - docs/Models/Operations/CreateJournalResponse.md
  - docs/Models/Operations/GetJournalRequest.md
  - docs/Models/Operations/GetJournalResponse.md
  - docs/Models/Operations/GetCreateJournalModelRequest.md
  - docs/Models/Operations/GetCreateJournalModelResponse.md
  - docs/Models/Operations/ListJournalsRequest.md
  - docs/Models/Operations/ListJournalsResponse.md
  - docs/Models/Operations/GetDataStatusRequest.md
  - docs/Models/Operations/GetDataStatusDataStatuses.md
  - docs/Models/Operations/GetDataStatusResponse.md
  - docs/Models/Operations/GetPullOperationRequest.md
  - docs/Models/Operations/GetPullOperationResponse.md
  - docs/Models/Operations/GetPushOperationRequest.md
  - docs/Models/Operations/GetPushOperationResponse.md
  - docs/Models/Operations/ListPushOperationsRequest.md
  - docs/Models/Operations/ListPushOperationsResponse.md
  - docs/Models/Operations/ListPullOperationsRequest.md
  - docs/Models/Operations/ListPullOperationsResponse.md
  - docs/Models/Operations/RefreshAllDataTypesRequest.md
  - docs/Models/Operations/RefreshAllDataTypesResponse.md
  - docs/Models/Operations/RefreshDataTypeRequest.md
  - docs/Models/Operations/RefreshDataTypeResponse.md
  - docs/Models/Operations/GetAccountingProfileRequest.md
  - docs/Models/Operations/GetAccountingProfileResponse.md
  - docs/Models/Operations/GetTrackingCategoryRequest.md
  - docs/Models/Operations/GetTrackingCategoryResponse.md
  - docs/Models/Operations/ListTrackingCategoriesRequest.md
  - docs/Models/Operations/ListTrackingCategoriesResponse.md
  - docs/Models/Shared/GroupReference.md
  - docs/Models/Shared/Company.md
  - docs/Models/Shared/SourceType.md
  - docs/Models/Shared/Connection.md
  - docs/Models/Shared/DataConnectionStatus.md
  - docs/Models/Shared/DataConnectionError.md
  - docs/Models/Shared/ErrorValidation.md
  - docs/Models/Shared/ErrorValidationItem.md
  - docs/Models/Shared/CompanyRequestBody.md
  - docs/Models/Shared/Items.md
  - docs/Models/Shared/Companies.md
  - docs/Models/Shared/Links.md
  - docs/Models/Shared/HalRef.md
  - docs/Models/Shared/Connections.md
  - docs/Models/Shared/CreateAccountResponseMetadata.md
  - docs/Models/Shared/CreateAccountResponseValidDataTypeLinks.md
  - docs/Models/Shared/AccountingAccount.md
  - docs/Models/Shared/CreateAccountResponse.md
  - docs/Models/Shared/Validation.md
  - docs/Models/Shared/ValidationItem.md
  - docs/Models/Shared/PushOperationStatus.md
  - docs/Models/Shared/DataType.md
  - docs/Models/Shared/AccountType.md
  - docs/Models/Shared/SupplementalData.md
  - docs/Models/Shared/AccountStatus.md
  - docs/Models/Shared/PushOperationChange.md
  - docs/Models/Shared/PushChangeType.md
  - docs/Models/Shared/PushOperationRef.md
  - docs/Models/Shared/ValidDataTypeLinks.md
  - docs/Models/Shared/AccountPrototype.md
  - docs/Models/Shared/AccountMetadata.md
  - docs/Models/Shared/AccountValidDataTypeLinks.md
  - docs/Models/Shared/Account.md
  - docs/Models/Shared/PushOption.md
  - docs/Models/Shared/PushValidationInfo.md
  - docs/Models/Shared/PushFieldValidation.md
  - docs/Models/Shared/PushOptionType.md
  - docs/Models/Shared/PushOptionProperty.md
  - docs/Models/Shared/PushOptionChoice.md
  - docs/Models/Shared/Accounts.md
  - docs/Models/Shared/AccountingJournalEntry.md
  - docs/Models/Shared/CreateJournalEntryResponse.md
  - docs/Models/Shared/JournalEntryRecordRefDataType.md
  - docs/Models/Shared/JournalEntryRecordRef.md
  - docs/Models/Shared/Metadata.md
  - docs/Models/Shared/JournalRef.md
  - docs/Models/Shared/Tracking.md
  - docs/Models/Shared/JournalLine.md
  - docs/Models/Shared/TrackingRecordRefDataType.md
  - docs/Models/Shared/TrackingRecordRef.md
  - docs/Models/Shared/AccountRef.md
  - docs/Models/Shared/JournalEntry.md
  - docs/Models/Shared/PushOperation.md
  - docs/Models/Shared/JournalEntries.md
  - docs/Models/Shared/AccountingJournal.md
  - docs/Models/Shared/CreateJournalResponse.md
  - docs/Models/Shared/JournalStatus.md
  - docs/Models/Shared/JournalPrototype.md
  - docs/Models/Shared/Journal.md
  - docs/Models/Shared/Journals.md
  - docs/Models/Shared/DataTypes.md
  - docs/Models/Shared/DataStatus.md
  - docs/Models/Shared/PropertieStatus.md
  - docs/Models/Shared/DatasetStatus.md
  - docs/Models/Shared/PullOperation.md
  - docs/Models/Shared/PushOperations.md
  - docs/Models/Shared/PullOperations.md
  - docs/Models/Shared/SchemaDataType.md
  - docs/Models/Shared/CompanyInfo.md
  - docs/Models/Shared/Type.md
  - docs/Models/Shared/WebLink.md
  - docs/Models/Shared/PhoneNumber.md
  - docs/Models/Shared/PhoneNumberType.md
  - docs/Models/Shared/Address.md
  - docs/Models/Shared/AccountingAddressType.md
  - docs/Models/Shared/TrackingCategoryTree.md
  - docs/Models/Shared/Status.md
  - docs/Models/Shared/TrackingCategories.md
  - docs/Models/Shared/TrackingCategory.md
  - docs/Models/Shared/Security.md
  - docs/Models/Shared/ClientRateLimitReachedWebhook.md
  - docs/Models/Shared/ClientRateLimitReachedWebhookData.md
  - docs/Models/Shared/ClientRateLimitResetWebhook.md
  - docs/Models/Shared/ClientRateLimitResetWebhookData.md
  - docs/Models/Errors/ErrorMessage.md
  - docs/Models/Webhooks/ClientRateLimitReachedResponse.md
  - docs/Models/Webhooks/ClientRateLimitResetResponse.md
  - docs/sdks/codatsyncpayroll/README.md
  - docs/sdks/companies/README.md
  - docs/sdks/connections/README.md
  - docs/sdks/accounts/README.md
  - docs/sdks/journalentries/README.md
  - docs/sdks/journals/README.md
  - docs/sdks/managedata/README.md
  - docs/sdks/companyinfo/README.md
  - docs/sdks/trackingcategories/README.md
  - USAGE.md
  - .gitattributes
  - Codat/Sync/Payroll/Hooks/SDKHooks.cs
  - Codat/Sync/Payroll/Hooks/HookTypes.cs
