lockVersion: 2.0.0
id: 00cbdd6c-b863-4d25-8a48-4bec7ae20fc1
management:
  docChecksum: 0d5e6db903200fe527a4756c50a29993
  docVersion: 3.0.0
  speakeasyVersion: 1.381.0
  generationVersion: 2.404.9
  releaseVersion: 0.0.2
  configChecksum: 817d6436951bf17dedd471943b753352
  repoURL: https://github.com/codatio/client-sdk-csharp.git
  repoSubDirectory: sync-for-payables
  published: true
features:
  csharp:
    additionalDependencies: 0.1.0
    constsAndDefaults: 0.0.1
    core: 3.9.16
    decimal: 0.1.0
    deprecations: 2.81.2
    examples: 2.81.3
    flattening: 2.81.2
    globalSecurity: 2.83.6
    globalSecurityCallbacks: 0.1.0
    globalSecurityFlattening: 0.1.0
    globalServerURLs: 2.82.3
    intellisenseMarkdownSupport: 0.1.0
    nameOverrides: 2.81.2
    nullables: 0.1.0
    responseFormat: 0.0.4
    retries: 0.0.1
    sdkHooks: 0.1.0
    webhooks: 1.0.0
generatedFiles:
  - Openapi/Companies.cs
  - Openapi/Connections.cs
  - Openapi/CompanyInformation.cs
  - Openapi/Bills.cs
  - Openapi/BillPayments.cs
  - Openapi/Suppliers.cs
  - Openapi/BankAccounts.cs
  - Openapi/SDK.cs
  - global.json
  - Openapi.sln
  - Openapi/Utils/AnyDeserializer.cs
  - Openapi/Utils/BigIntStrConverter.cs
  - Openapi/Utils/DecimalStrConverter.cs
  - Openapi/Utils/EnumConverter.cs
  - Openapi/Utils/FlexibleObjectDeserializer.cs
  - Openapi/Utils/HeaderSerializer.cs
  - Openapi/Utils/IsoDateTimeSerializer.cs
  - Openapi/Utils/RequestBodySerializer.cs
  - Openapi/Utils/ResponseBodyDeserializer.cs
  - Openapi/Utils/Retries/BackoffStrategy.cs
  - Openapi/Utils/Retries/Retries.cs
  - Openapi/Utils/Retries/RetryConfig.cs
  - Openapi/Utils/SecurityMetadata.cs
  - Openapi/Utils/SpeakeasyHttpClient.cs
  - Openapi/Utils/SpeakeasyMetadata.cs
  - Openapi/Utils/URLBuilder.cs
  - Openapi/Utils/Utilities.cs
  - Openapi/Openapi.csproj
  - Openapi/Models/Errors/SDKException.cs
  - Openapi/Models/Requests/ListCompaniesRequest.cs
  - Openapi/Models/Requests/ListCompaniesResponse.cs
  - Openapi/Models/Requests/CreateCompanyResponse.cs
  - Openapi/Models/Requests/UpdateCompanyRequest.cs
  - Openapi/Models/Requests/UpdateCompanyResponse.cs
  - Openapi/Models/Requests/DeleteCompanyRequest.cs
  - Openapi/Models/Requests/DeleteCompanyResponse.cs
  - Openapi/Models/Requests/GetCompanyRequest.cs
  - Openapi/Models/Requests/GetCompanyResponse.cs
  - Openapi/Models/Requests/ListConnectionsRequest.cs
  - Openapi/Models/Requests/ListConnectionsResponse.cs
  - Openapi/Models/Requests/CreateConnectionRequestBody.cs
  - Openapi/Models/Requests/CreateConnectionRequest.cs
  - Openapi/Models/Requests/CreateConnectionResponse.cs
  - Openapi/Models/Requests/GetConnectionRequest.cs
  - Openapi/Models/Requests/GetConnectionResponse.cs
  - Openapi/Models/Requests/DeleteConnectionRequest.cs
  - Openapi/Models/Requests/DeleteConnectionResponse.cs
  - Openapi/Models/Requests/UnlinkConnectionUpdateConnection.cs
  - Openapi/Models/Requests/UnlinkConnectionRequest.cs
  - Openapi/Models/Requests/UnlinkConnectionResponse.cs
  - Openapi/Models/Requests/GetCompanyInformationRequest.cs
  - Openapi/Models/Requests/GetCompanyInformationResponse.cs
  - Openapi/Models/Requests/GetMappingOptionsBillsRequest.cs
  - Openapi/Models/Requests/GetMappingOptionsBillsResponse.cs
  - Openapi/Models/Requests/ListBillsRequest.cs
  - Openapi/Models/Requests/ListBillsResponse.cs
  - Openapi/Models/Requests/CreateBillRequest.cs
  - Openapi/Models/Requests/CreateBillResponse.cs
  - Openapi/Models/Requests/UploadBillAttachmentRequest.cs
  - Openapi/Models/Requests/UploadBillAttachmentResponse.cs
  - Openapi/Models/Requests/ListBillAttachmentsRequest.cs
  - Openapi/Models/Requests/ListBillAttachmentsResponse.cs
  - Openapi/Models/Requests/DownloadBillAttachmentRequest.cs
  - Openapi/Models/Requests/DownloadBillAttachmentResponse.cs
  - Openapi/Models/Requests/GetMappingOptionsPaymentsRequest.cs
  - Openapi/Models/Requests/GetMappingOptionsPaymentsResponse.cs
  - Openapi/Models/Requests/CreateBillPaymentRequest.cs
  - Openapi/Models/Requests/CreateBillPaymentResponse.cs
  - Openapi/Models/Requests/ListSuppliersRequest.cs
  - Openapi/Models/Requests/ListSuppliersResponse.cs
  - Openapi/Models/Requests/CreateSupplierRequest.cs
  - Openapi/Models/Requests/CreateSupplierResponse.cs
  - Openapi/Models/Requests/CreateBankAccountRequest.cs
  - Openapi/Models/Requests/CreateBankAccountResponse.cs
  - Openapi/Models/Components/One.cs
  - Openapi/Models/Components/Companies.cs
  - Openapi/Models/Components/Links.cs
  - Openapi/Models/Components/HalRef.cs
  - Openapi/Models/Components/GroupReference.cs
  - Openapi/Models/Components/Company.cs
  - Openapi/Models/Components/SourceType.cs
  - Openapi/Models/Components/Connection.cs
  - Openapi/Models/Components/ErrorStatus.cs
  - Openapi/Models/Components/DataConnectionError.cs
  - Openapi/Models/Components/DataConnectionStatus.cs
  - Openapi/Models/Components/HTTPMetadata.cs
  - Openapi/Models/Components/ErrorValidation.cs
  - Openapi/Models/Components/ErrorValidationItem.cs
  - Openapi/Models/Components/CompanyRequestBody.cs
  - Openapi/Models/Components/Items.cs
  - Openapi/Models/Components/Connections.cs
  - Openapi/Models/Components/CompanyInformation.cs
  - Openapi/Models/Components/BillMappingOptions.cs
  - Openapi/Models/Components/Pagination.cs
  - Openapi/Models/Components/TaxRateStatus.cs
  - Openapi/Models/Components/TaxRateMappingOption.cs
  - Openapi/Models/Components/AccountMappingOption.cs
  - Openapi/Models/Components/AccountStatus.cs
  - Openapi/Models/Components/Bills.cs
  - Openapi/Models/Components/Bill.cs
  - Openapi/Models/Components/BillStatus.cs
  - Openapi/Models/Components/BillLineItem.cs
  - Openapi/Models/Components/BillTaxRateRef.cs
  - Openapi/Models/Components/BillAccountRef.cs
  - Openapi/Models/Components/SupplierRef.cs
  - Openapi/Models/Components/BillPrototype.cs
  - Openapi/Models/Components/AttachmentUpload.cs
  - Openapi/Models/Components/CodatFile.cs
  - Openapi/Models/Components/Attachment.cs
  - Openapi/Models/Components/PaymentMappingOptions.cs
  - Openapi/Models/Components/BankAccountMappingOption.cs
  - Openapi/Models/Components/AccountType.cs
  - Openapi/Models/Components/BankAccountStatus.cs
  - Openapi/Models/Components/BillPayment.cs
  - Openapi/Models/Components/BillPaymentAccountRef.cs
  - Openapi/Models/Components/BillPaymentPrototype.cs
  - Openapi/Models/Components/Suppliers.cs
  - Openapi/Models/Components/Supplier.cs
  - Openapi/Models/Components/SupplierStatus.cs
  - Openapi/Models/Components/Address.cs
  - Openapi/Models/Components/AddressType.cs
  - Openapi/Models/Components/SupplierPrototype.cs
  - Openapi/Models/Components/BankAccountType.cs
  - Openapi/Models/Components/BankAccount.cs
  - Openapi/Models/Components/BankAccountPrototype.cs
  - Openapi/Models/Components/Security.cs
  - Openapi/Models/Components/ClientRateLimitReachedWebhook.cs
  - Openapi/Models/Components/ClientRateLimitReachedWebhookData.cs
  - Openapi/Models/Components/ClientRateLimitResetWebhook.cs
  - Openapi/Models/Components/ClientRateLimitResetWebhookData.cs
  - Openapi/Models/Errors/ErrorMessage.cs
  - Openapi/Models/Webhooks/ClientRateLimitReachedResponse.cs
  - Openapi/Models/Webhooks/ClientRateLimitResetResponse.cs
  - docs/Models/Requests/ListCompaniesRequest.md
  - docs/Models/Requests/ListCompaniesResponse.md
  - docs/Models/Requests/CreateCompanyResponse.md
  - docs/Models/Requests/UpdateCompanyRequest.md
  - docs/Models/Requests/UpdateCompanyResponse.md
  - docs/Models/Requests/DeleteCompanyRequest.md
  - docs/Models/Requests/DeleteCompanyResponse.md
  - docs/Models/Requests/GetCompanyRequest.md
  - docs/Models/Requests/GetCompanyResponse.md
  - docs/Models/Requests/ListConnectionsRequest.md
  - docs/Models/Requests/ListConnectionsResponse.md
  - docs/Models/Requests/CreateConnectionRequestBody.md
  - docs/Models/Requests/CreateConnectionRequest.md
  - docs/Models/Requests/CreateConnectionResponse.md
  - docs/Models/Requests/GetConnectionRequest.md
  - docs/Models/Requests/GetConnectionResponse.md
  - docs/Models/Requests/DeleteConnectionRequest.md
  - docs/Models/Requests/DeleteConnectionResponse.md
  - docs/Models/Requests/UnlinkConnectionUpdateConnection.md
  - docs/Models/Requests/UnlinkConnectionRequest.md
  - docs/Models/Requests/UnlinkConnectionResponse.md
  - docs/Models/Requests/GetCompanyInformationRequest.md
  - docs/Models/Requests/GetCompanyInformationResponse.md
  - docs/Models/Requests/GetMappingOptionsBillsRequest.md
  - docs/Models/Requests/GetMappingOptionsBillsResponse.md
  - docs/Models/Requests/ListBillsRequest.md
  - docs/Models/Requests/ListBillsResponse.md
  - docs/Models/Requests/CreateBillRequest.md
  - docs/Models/Requests/CreateBillResponse.md
  - docs/Models/Requests/UploadBillAttachmentRequest.md
  - docs/Models/Requests/UploadBillAttachmentResponse.md
  - docs/Models/Requests/ListBillAttachmentsRequest.md
  - docs/Models/Requests/ListBillAttachmentsResponse.md
  - docs/Models/Requests/DownloadBillAttachmentRequest.md
  - docs/Models/Requests/DownloadBillAttachmentResponse.md
  - docs/Models/Requests/GetMappingOptionsPaymentsRequest.md
  - docs/Models/Requests/GetMappingOptionsPaymentsResponse.md
  - docs/Models/Requests/CreateBillPaymentRequest.md
  - docs/Models/Requests/CreateBillPaymentResponse.md
  - docs/Models/Requests/ListSuppliersRequest.md
  - docs/Models/Requests/ListSuppliersResponse.md
  - docs/Models/Requests/CreateSupplierRequest.md
  - docs/Models/Requests/CreateSupplierResponse.md
  - docs/Models/Requests/CreateBankAccountRequest.md
  - docs/Models/Requests/CreateBankAccountResponse.md
  - docs/Models/Components/One.md
  - docs/Models/Components/Companies.md
  - docs/Models/Components/Links.md
  - docs/Models/Components/HalRef.md
  - docs/Models/Components/GroupReference.md
  - docs/Models/Components/Company.md
  - docs/Models/Components/SourceType.md
  - docs/Models/Components/Connection.md
  - docs/Models/Components/ErrorStatus.md
  - docs/Models/Components/DataConnectionError.md
  - docs/Models/Components/DataConnectionStatus.md
  - docs/Models/Components/HTTPMetadata.md
  - docs/Models/Components/ErrorValidation.md
  - docs/Models/Components/ErrorValidationItem.md
  - docs/Models/Components/CompanyRequestBody.md
  - docs/Models/Components/Items.md
  - docs/Models/Components/Connections.md
  - docs/Models/Components/CompanyInformation.md
  - docs/Models/Components/BillMappingOptions.md
  - docs/Models/Components/Pagination.md
  - docs/Models/Components/TaxRateStatus.md
  - docs/Models/Components/TaxRateMappingOption.md
  - docs/Models/Components/AccountMappingOption.md
  - docs/Models/Components/AccountStatus.md
  - docs/Models/Components/Bills.md
  - docs/Models/Components/Bill.md
  - docs/Models/Components/BillStatus.md
  - docs/Models/Components/BillLineItem.md
  - docs/Models/Components/BillTaxRateRef.md
  - docs/Models/Components/BillAccountRef.md
  - docs/Models/Components/SupplierRef.md
  - docs/Models/Components/BillPrototype.md
  - docs/Models/Components/AttachmentUpload.md
  - docs/Models/Components/CodatFile.md
  - docs/Models/Components/Attachment.md
  - docs/Models/Components/PaymentMappingOptions.md
  - docs/Models/Components/BankAccountMappingOption.md
  - docs/Models/Components/AccountType.md
  - docs/Models/Components/BankAccountStatus.md
  - docs/Models/Components/BillPayment.md
  - docs/Models/Components/BillPaymentAccountRef.md
  - docs/Models/Components/BillPaymentPrototype.md
  - docs/Models/Components/Suppliers.md
  - docs/Models/Components/Supplier.md
  - docs/Models/Components/SupplierStatus.md
  - docs/Models/Components/Address.md
  - docs/Models/Components/AddressType.md
  - docs/Models/Components/SupplierPrototype.md
  - docs/Models/Components/BankAccountType.md
  - docs/Models/Components/BankAccount.md
  - docs/Models/Components/BankAccountPrototype.md
  - docs/Models/Components/Security.md
  - docs/Models/Components/ClientRateLimitReachedWebhook.md
  - docs/Models/Components/ClientRateLimitReachedWebhookData.md
  - docs/Models/Components/ClientRateLimitResetWebhook.md
  - docs/Models/Components/ClientRateLimitResetWebhookData.md
  - docs/Models/Errors/ErrorMessage.md
  - docs/Models/Webhooks/ClientRateLimitReachedResponse.md
  - docs/Models/Webhooks/ClientRateLimitResetResponse.md
  - docs/sdks/sdk/README.md
  - docs/sdks/companies/README.md
  - docs/sdks/connections/README.md
  - docs/sdks/companyinformation/README.md
  - docs/sdks/bills/README.md
  - docs/sdks/billpayments/README.md
  - docs/sdks/suppliers/README.md
  - docs/sdks/bankaccounts/README.md
  - NUGET.md
  - USAGE.md
  - .gitattributes
  - Openapi/Hooks/SDKHooks.cs
  - Openapi/Hooks/HookTypes.cs
  - CONTRIBUTING.md
