lockVersion: 2.0.0
id: 803b84ac-e26a-4a5c-9224-dbc3d0c7712a
management:
  docChecksum: 45c9274f0e3c7dac25b46ab3b4007b5f
  docVersion: 3.0.0
  speakeasyVersion: 1.277.6
  generationVersion: 2.319.7
  releaseVersion: 3.6.1
  configChecksum: e1137e6a45616de97875384f08e19dd5
  repoURL: https://github.com/codatio/client-sdk-csharp.git
  repoSubDirectory: platform
  published: true
features:
  csharp:
    constsAndDefaults: 0.0.1
    core: 3.8.2
    deprecations: 2.81.2
    examples: 2.81.3
    globalSecurity: 2.83.4
    globalServerURLs: 2.82.3
    groups: 2.81.2
    ignores: 2.81.1
    inputOutputModels: 2.83.0
    nameOverrides: 2.81.2
    responseFormat: 0.0.2
    webhooks: 1.0.0
generatedFiles:
  - Codat/Platform/Settings.cs
  - Codat/Platform/Companies.cs
  - Codat/Platform/CorsSettings.cs
  - Codat/Platform/ConnectionManagement.cs
  - Codat/Platform/Connections.cs
  - Codat/Platform/CustomDataType.cs
  - Codat/Platform/PushData.cs
  - Codat/Platform/RefreshData.cs
  - Codat/Platform/Groups.cs
  - Codat/Platform/Integrations.cs
  - Codat/Platform/SupplementalData.cs
  - Codat/Platform/Webhooks.cs
  - Codat/Platform/CodatPlatform.cs
  - global.json
  - Codat.Platform.sln
  - Codat/Platform/Utils/AnyDeserializer.cs
  - Codat/Platform/Utils/BigIntStrConverter.cs
  - Codat/Platform/Utils/DecimalStrConverter.cs
  - Codat/Platform/Utils/EnumConverter.cs
  - Codat/Platform/Utils/FlexibleObjectDeserializer.cs
  - Codat/Platform/Utils/HeaderSerializer.cs
  - Codat/Platform/Utils/IsoDateTimeSerializer.cs
  - Codat/Platform/Utils/RequestBodySerializer.cs
  - Codat/Platform/Utils/ResponseBodyDeserializer.cs
  - Codat/Platform/Utils/SecurityMetadata.cs
  - Codat/Platform/Utils/SpeakeasyHttpClient.cs
  - Codat/Platform/Utils/SpeakeasyMetadata.cs
  - Codat/Platform/Utils/URLBuilder.cs
  - Codat/Platform/Utils/Utilities.cs
  - Codat/Platform/Codat.Platform.csproj
  - Codat/Platform/Models/Errors/SDKException.cs
  - Codat/Platform/Models/Operations/CreateApiKeyResponse.cs
  - Codat/Platform/Models/Operations/DeleteApiKeyRequest.cs
  - Codat/Platform/Models/Operations/DeleteApiKeyResponse.cs
  - Codat/Platform/Models/Operations/GetProfileResponse.cs
  - Codat/Platform/Models/Operations/GetProfileSyncSettingsResponse.cs
  - Codat/Platform/Models/Operations/ListApiKeysResponse.cs
  - Codat/Platform/Models/Operations/UpdateProfileResponse.cs
  - Codat/Platform/Models/Operations/UpdateProfileSyncSettingsRequestBody.cs
  - Codat/Platform/Models/Operations/UpdateProfileSyncSettingsResponse.cs
  - Codat/Platform/Models/Operations/CreateCompanyResponse.cs
  - Codat/Platform/Models/Operations/DeleteCompanyRequest.cs
  - Codat/Platform/Models/Operations/DeleteCompanyResponse.cs
  - Codat/Platform/Models/Operations/GetCompanyRequest.cs
  - Codat/Platform/Models/Operations/GetCompanyResponse.cs
  - Codat/Platform/Models/Operations/ListCompaniesRequest.cs
  - Codat/Platform/Models/Operations/ListCompaniesResponse.cs
  - Codat/Platform/Models/Operations/UpdateCompanyRequest.cs
  - Codat/Platform/Models/Operations/UpdateCompanyResponse.cs
  - Codat/Platform/Models/Operations/GetConnectionManagementAccessTokenRequest.cs
  - Codat/Platform/Models/Operations/GetConnectionManagementAccessTokenResponse.cs
  - Codat/Platform/Models/Operations/GetConnectionManagementCorsSettingsResponse.cs
  - Codat/Platform/Models/Operations/SetConnectionManagementCorsSettingsResponse.cs
  - Codat/Platform/Models/Operations/CreateConnectionRequestBody.cs
  - Codat/Platform/Models/Operations/CreateConnectionRequest.cs
  - Codat/Platform/Models/Operations/CreateConnectionResponse.cs
  - Codat/Platform/Models/Operations/DeleteConnectionRequest.cs
  - Codat/Platform/Models/Operations/DeleteConnectionResponse.cs
  - Codat/Platform/Models/Operations/GetConnectionRequest.cs
  - Codat/Platform/Models/Operations/GetConnectionResponse.cs
  - Codat/Platform/Models/Operations/ListConnectionsRequest.cs
  - Codat/Platform/Models/Operations/ListConnectionsResponse.cs
  - Codat/Platform/Models/Operations/UnlinkConnectionRequest.cs
  - Codat/Platform/Models/Operations/UnlinkConnectionResponse.cs
  - Codat/Platform/Models/Operations/UpdateConnectionAuthorizationRequest.cs
  - Codat/Platform/Models/Operations/UpdateConnectionAuthorizationResponse.cs
  - Codat/Platform/Models/Operations/ConfigureCustomDataTypeRequest.cs
  - Codat/Platform/Models/Operations/ConfigureCustomDataTypeResponse.cs
  - Codat/Platform/Models/Operations/GetCustomDataTypeConfigurationRequest.cs
  - Codat/Platform/Models/Operations/GetCustomDataTypeConfigurationResponse.cs
  - Codat/Platform/Models/Operations/ListCustomDataTypeRecordsRequest.cs
  - Codat/Platform/Models/Operations/ListCustomDataTypeRecordsResponse.cs
  - Codat/Platform/Models/Operations/RefreshCustomDataTypeRequest.cs
  - Codat/Platform/Models/Operations/RefreshCustomDataTypeResponse.cs
  - Codat/Platform/Models/Operations/GetCreateUpdateModelOptionsByDataTypeRequest.cs
  - Codat/Platform/Models/Operations/GetCreateUpdateModelOptionsByDataTypeResponse.cs
  - Codat/Platform/Models/Operations/GetPushOperationRequest.cs
  - Codat/Platform/Models/Operations/GetPushOperationResponse.cs
  - Codat/Platform/Models/Operations/GetCompanyPushHistoryRequest.cs
  - Codat/Platform/Models/Operations/GetCompanyPushHistoryResponse.cs
  - Codat/Platform/Models/Operations/RefreshCompanyDataRequest.cs
  - Codat/Platform/Models/Operations/RefreshCompanyDataResponse.cs
  - Codat/Platform/Models/Operations/RefreshDataTypeRequest.cs
  - Codat/Platform/Models/Operations/RefreshDataTypeResponse.cs
  - Codat/Platform/Models/Operations/GetCompanyDataStatusRequest.cs
  - Codat/Platform/Models/Operations/GetCompanyDataStatusResponse.cs
  - Codat/Platform/Models/Operations/GetPullOperationRequest.cs
  - Codat/Platform/Models/Operations/GetPullOperationResponse.cs
  - Codat/Platform/Models/Operations/ListPullOperationsRequest.cs
  - Codat/Platform/Models/Operations/ListPullOperationsResponse.cs
  - Codat/Platform/Models/Operations/AddCompanyToGroupRequest.cs
  - Codat/Platform/Models/Operations/AddCompanyToGroupResponse.cs
  - Codat/Platform/Models/Operations/CreateGroupResponse.cs
  - Codat/Platform/Models/Operations/ListGroupsResponse.cs
  - Codat/Platform/Models/Operations/RemoveCompanyFromGroupRequest.cs
  - Codat/Platform/Models/Operations/RemoveCompanyFromGroupResponse.cs
  - Codat/Platform/Models/Operations/GetIntegrationRequest.cs
  - Codat/Platform/Models/Operations/GetIntegrationResponse.cs
  - Codat/Platform/Models/Operations/GetIntegrationsBrandingRequest.cs
  - Codat/Platform/Models/Operations/GetIntegrationsBrandingResponse.cs
  - Codat/Platform/Models/Operations/ListIntegrationsRequest.cs
  - Codat/Platform/Models/Operations/ListIntegrationsResponse.cs
  - Codat/Platform/Models/Operations/DataType.cs
  - Codat/Platform/Models/Operations/ConfigureSupplementalDataRequest.cs
  - Codat/Platform/Models/Operations/ConfigureSupplementalDataResponse.cs
  - Codat/Platform/Models/Operations/PathParamDataType.cs
  - Codat/Platform/Models/Operations/GetSupplementalDataConfigurationRequest.cs
  - Codat/Platform/Models/Operations/GetSupplementalDataConfigurationResponse.cs
  - Codat/Platform/Models/Operations/CreateRuleResponse.cs
  - Codat/Platform/Models/Operations/CreateWebhookConsumerResponse.cs
  - Codat/Platform/Models/Operations/DeleteWebhookConsumerRequest.cs
  - Codat/Platform/Models/Operations/DeleteWebhookConsumerResponse.cs
  - Codat/Platform/Models/Operations/GetWebhookRequest.cs
  - Codat/Platform/Models/Operations/GetWebhookResponse.cs
  - Codat/Platform/Models/Operations/ListRulesRequest.cs
  - Codat/Platform/Models/Operations/ListRulesResponse.cs
  - Codat/Platform/Models/Operations/ListWebhookConsumersResponse.cs
  - Codat/Platform/Models/Shared/ApiKeyDetails.cs
  - Codat/Platform/Models/Shared/ErrorValidation.cs
  - Codat/Platform/Models/Shared/ErrorValidationItem.cs
  - Codat/Platform/Models/Shared/CreateApiKey.cs
  - Codat/Platform/Models/Shared/Profile.cs
  - Codat/Platform/Models/Shared/SyncSettings.cs
  - Codat/Platform/Models/Shared/SyncSetting.cs
  - Codat/Platform/Models/Shared/DataType.cs
  - Codat/Platform/Models/Shared/ApiKeys.cs
  - Codat/Platform/Models/Shared/Company.cs
  - Codat/Platform/Models/Shared/GroupRef.cs
  - Codat/Platform/Models/Shared/Connection.cs
  - Codat/Platform/Models/Shared/DataConnectionStatus.cs
  - Codat/Platform/Models/Shared/SourceType.cs
  - Codat/Platform/Models/Shared/DataConnectionError.cs
  - Codat/Platform/Models/Shared/CompanyRequestBody.cs
  - Codat/Platform/Models/Shared/Companies.cs
  - Codat/Platform/Models/Shared/Links.cs
  - Codat/Platform/Models/Shared/HalRef.cs
  - Codat/Platform/Models/Shared/ConnectionManagementAccessToken.cs
  - Codat/Platform/Models/Shared/ConnectionManagementAllowedOrigins.cs
  - Codat/Platform/Models/Shared/Connections.cs
  - Codat/Platform/Models/Shared/UpdateConnectionStatus.cs
  - Codat/Platform/Models/Shared/CustomDataTypeConfiguration.cs
  - Codat/Platform/Models/Shared/CustomDataTypeRecords.cs
  - Codat/Platform/Models/Shared/Content.cs
  - Codat/Platform/Models/Shared/ModifiedDate.cs
  - Codat/Platform/Models/Shared/CustomDataTypeRecord.cs
  - Codat/Platform/Models/Shared/DatasetStatus.cs
  - Codat/Platform/Models/Shared/PullOperation.cs
  - Codat/Platform/Models/Shared/PushOption.cs
  - Codat/Platform/Models/Shared/PushValidationInfo.cs
  - Codat/Platform/Models/Shared/PushFieldValidation.cs
  - Codat/Platform/Models/Shared/PushOptionType.cs
  - Codat/Platform/Models/Shared/PushOptionProperty.cs
  - Codat/Platform/Models/Shared/PushOptionChoice.cs
  - Codat/Platform/Models/Shared/SchemaDataType.cs
  - Codat/Platform/Models/Shared/PushOperation.cs
  - Codat/Platform/Models/Shared/Validation.cs
  - Codat/Platform/Models/Shared/ValidationItem.cs
  - Codat/Platform/Models/Shared/PushOperationStatus.cs
  - Codat/Platform/Models/Shared/PushOperationChange.cs
  - Codat/Platform/Models/Shared/PushChangeType.cs
  - Codat/Platform/Models/Shared/PushOperationRef.cs
  - Codat/Platform/Models/Shared/PushOperations.cs
  - Codat/Platform/Models/Shared/DataStatuses.cs
  - Codat/Platform/Models/Shared/DataTypes.cs
  - Codat/Platform/Models/Shared/DataStatus.cs
  - Codat/Platform/Models/Shared/Status.cs
  - Codat/Platform/Models/Shared/PullOperations.cs
  - Codat/Platform/Models/Shared/CompanyGroupAssignment.cs
  - Codat/Platform/Models/Shared/Group.cs
  - Codat/Platform/Models/Shared/GroupPrototype.cs
  - Codat/Platform/Models/Shared/Groups.cs
  - Codat/Platform/Models/Shared/Integration.cs
  - Codat/Platform/Models/Shared/DataTypeFeature.cs
  - Codat/Platform/Models/Shared/SupportedFeature.cs
  - Codat/Platform/Models/Shared/FeatureType.cs
  - Codat/Platform/Models/Shared/FeatureState.cs
  - Codat/Platform/Models/Shared/Branding.cs
  - Codat/Platform/Models/Shared/BrandingLogo.cs
  - Codat/Platform/Models/Shared/BrandingImage.cs
  - Codat/Platform/Models/Shared/ImageReference.cs
  - Codat/Platform/Models/Shared/BrandingButton.cs
  - Codat/Platform/Models/Shared/Integrations.cs
  - Codat/Platform/Models/Shared/SupplementalDataSourceConfiguration.cs
  - Codat/Platform/Models/Shared/SupplementalDataConfiguration.cs
  - Codat/Platform/Models/Shared/Webhook.cs
  - Codat/Platform/Models/Shared/WebhookNotifier.cs
  - Codat/Platform/Models/Shared/CreateRule.cs
  - Codat/Platform/Models/Shared/WebhookConsumer.cs
  - Codat/Platform/Models/Shared/WebhookConsumerPrototype.cs
  - Codat/Platform/Models/Shared/Webhooks.cs
  - Codat/Platform/Models/Shared/WebhookConsumers.cs
  - Codat/Platform/Models/Shared/Security.cs
  - Codat/Platform/Models/Shared/ClientRateLimitReachedWebhook.cs
  - Codat/Platform/Models/Shared/ClientRateLimitReachedWebhookData.cs
  - Codat/Platform/Models/Shared/ClientRateLimitResetWebhook.cs
  - Codat/Platform/Models/Shared/ClientRateLimitResetWebhookData.cs
  - Codat/Platform/Models/Shared/ConnectionStatusChangedWebhook.cs
  - Codat/Platform/Models/Shared/ConnectionStatusChangedWebhookData.cs
  - Codat/Platform/Models/Shared/DataSyncCompletedWebhook.cs
  - Codat/Platform/Models/Shared/DataSyncCompletedWebhookData.cs
  - Codat/Platform/Models/Shared/DatasetDataChangedWebhookData.cs
  - Codat/Platform/Models/Shared/DatasetDataChangedWebhook.cs
  - Codat/Platform/Models/Shared/DatasetStatusChangedErrorWebhook.cs
  - Codat/Platform/Models/Shared/DatasetStatusChangedErrorWebhookData.cs
  - Codat/Platform/Models/Shared/NewCompanySynchronizedWebhook.cs
  - Codat/Platform/Models/Shared/NewCompanySynchronizedWebhookData.cs
  - Codat/Platform/Models/Shared/PushOperationTimedOutWebhook.cs
  - Codat/Platform/Models/Shared/PushOperationTimedOutWebhookData.cs
  - Codat/Platform/Models/Shared/PushOperationStatusChangedWebhook.cs
  - Codat/Platform/Models/Shared/PushOperationStatusChangedWebhookData.cs
  - Codat/Platform/Models/Errors/ErrorMessage.cs
  - Codat/Platform/Models/Webhooks/ClientRateLimitReachedResponse.cs
  - Codat/Platform/Models/Webhooks/ClientRateLimitResetResponse.cs
  - Codat/Platform/Models/Webhooks/CompanyDataConnectionStatusChangedResponse.cs
  - Codat/Platform/Models/Webhooks/DataSyncCompletedResponse.cs
  - Codat/Platform/Models/Webhooks/DatasetDataChangedResponse.cs
  - Codat/Platform/Models/Webhooks/DatasetStatusHasChangedToAnErrorStateResponse.cs
  - Codat/Platform/Models/Webhooks/NewCompanySynchronizedResponse.cs
  - Codat/Platform/Models/Webhooks/PushOperationHasTimedOutResponse.cs
  - Codat/Platform/Models/Webhooks/PushOperationStatusHasChangedResponse.cs
  - docs/Models/Operations/CreateApiKeyResponse.md
  - docs/Models/Operations/DeleteApiKeyRequest.md
  - docs/Models/Operations/DeleteApiKeyResponse.md
  - docs/Models/Operations/GetProfileResponse.md
  - docs/Models/Operations/GetProfileSyncSettingsResponse.md
  - docs/Models/Operations/ListApiKeysResponse.md
  - docs/Models/Operations/UpdateProfileResponse.md
  - docs/Models/Operations/UpdateProfileSyncSettingsRequestBody.md
  - docs/Models/Operations/UpdateProfileSyncSettingsResponse.md
  - docs/Models/Operations/CreateCompanyResponse.md
  - docs/Models/Operations/DeleteCompanyRequest.md
  - docs/Models/Operations/DeleteCompanyResponse.md
  - docs/Models/Operations/GetCompanyRequest.md
  - docs/Models/Operations/GetCompanyResponse.md
  - docs/Models/Operations/ListCompaniesRequest.md
  - docs/Models/Operations/ListCompaniesResponse.md
  - docs/Models/Operations/UpdateCompanyRequest.md
  - docs/Models/Operations/UpdateCompanyResponse.md
  - docs/Models/Operations/GetConnectionManagementAccessTokenRequest.md
  - docs/Models/Operations/GetConnectionManagementAccessTokenResponse.md
  - docs/Models/Operations/GetConnectionManagementCorsSettingsResponse.md
  - docs/Models/Operations/SetConnectionManagementCorsSettingsResponse.md
  - docs/Models/Operations/CreateConnectionRequestBody.md
  - docs/Models/Operations/CreateConnectionRequest.md
  - docs/Models/Operations/CreateConnectionResponse.md
  - docs/Models/Operations/DeleteConnectionRequest.md
  - docs/Models/Operations/DeleteConnectionResponse.md
  - docs/Models/Operations/GetConnectionRequest.md
  - docs/Models/Operations/GetConnectionResponse.md
  - docs/Models/Operations/ListConnectionsRequest.md
  - docs/Models/Operations/ListConnectionsResponse.md
  - docs/Models/Operations/UnlinkConnectionRequest.md
  - docs/Models/Operations/UnlinkConnectionResponse.md
  - docs/Models/Operations/UpdateConnectionAuthorizationRequest.md
  - docs/Models/Operations/UpdateConnectionAuthorizationResponse.md
  - docs/Models/Operations/ConfigureCustomDataTypeRequest.md
  - docs/Models/Operations/ConfigureCustomDataTypeResponse.md
  - docs/Models/Operations/GetCustomDataTypeConfigurationRequest.md
  - docs/Models/Operations/GetCustomDataTypeConfigurationResponse.md
  - docs/Models/Operations/ListCustomDataTypeRecordsRequest.md
  - docs/Models/Operations/ListCustomDataTypeRecordsResponse.md
  - docs/Models/Operations/RefreshCustomDataTypeRequest.md
  - docs/Models/Operations/RefreshCustomDataTypeResponse.md
  - docs/Models/Operations/GetCreateUpdateModelOptionsByDataTypeRequest.md
  - docs/Models/Operations/GetCreateUpdateModelOptionsByDataTypeResponse.md
  - docs/Models/Operations/GetPushOperationRequest.md
  - docs/Models/Operations/GetPushOperationResponse.md
  - docs/Models/Operations/GetCompanyPushHistoryRequest.md
  - docs/Models/Operations/GetCompanyPushHistoryResponse.md
  - docs/Models/Operations/RefreshCompanyDataRequest.md
  - docs/Models/Operations/RefreshCompanyDataResponse.md
  - docs/Models/Operations/RefreshDataTypeRequest.md
  - docs/Models/Operations/RefreshDataTypeResponse.md
  - docs/Models/Operations/GetCompanyDataStatusRequest.md
  - docs/Models/Operations/GetCompanyDataStatusResponse.md
  - docs/Models/Operations/GetPullOperationRequest.md
  - docs/Models/Operations/GetPullOperationResponse.md
  - docs/Models/Operations/ListPullOperationsRequest.md
  - docs/Models/Operations/ListPullOperationsResponse.md
  - docs/Models/Operations/AddCompanyToGroupRequest.md
  - docs/Models/Operations/AddCompanyToGroupResponse.md
  - docs/Models/Operations/CreateGroupResponse.md
  - docs/Models/Operations/ListGroupsResponse.md
  - docs/Models/Operations/RemoveCompanyFromGroupRequest.md
  - docs/Models/Operations/RemoveCompanyFromGroupResponse.md
  - docs/Models/Operations/GetIntegrationRequest.md
  - docs/Models/Operations/GetIntegrationResponse.md
  - docs/Models/Operations/GetIntegrationsBrandingRequest.md
  - docs/Models/Operations/GetIntegrationsBrandingResponse.md
  - docs/Models/Operations/ListIntegrationsRequest.md
  - docs/Models/Operations/ListIntegrationsResponse.md
  - docs/Models/Operations/DataType.md
  - docs/Models/Operations/ConfigureSupplementalDataRequest.md
  - docs/Models/Operations/ConfigureSupplementalDataResponse.md
  - docs/Models/Operations/PathParamDataType.md
  - docs/Models/Operations/GetSupplementalDataConfigurationRequest.md
  - docs/Models/Operations/GetSupplementalDataConfigurationResponse.md
  - docs/Models/Operations/CreateRuleResponse.md
  - docs/Models/Operations/CreateWebhookConsumerResponse.md
  - docs/Models/Operations/DeleteWebhookConsumerRequest.md
  - docs/Models/Operations/DeleteWebhookConsumerResponse.md
  - docs/Models/Operations/GetWebhookRequest.md
  - docs/Models/Operations/GetWebhookResponse.md
  - docs/Models/Operations/ListRulesRequest.md
  - docs/Models/Operations/ListRulesResponse.md
  - docs/Models/Operations/ListWebhookConsumersResponse.md
  - docs/Models/Shared/ApiKeyDetails.md
  - docs/Models/Shared/ErrorValidation.md
  - docs/Models/Shared/ErrorValidationItem.md
  - docs/Models/Shared/CreateApiKey.md
  - docs/Models/Shared/Profile.md
  - docs/Models/Shared/SyncSettings.md
  - docs/Models/Shared/SyncSetting.md
  - docs/Models/Shared/DataType.md
  - docs/Models/Shared/ApiKeys.md
  - docs/Models/Shared/Company.md
  - docs/Models/Shared/GroupRef.md
  - docs/Models/Shared/Connection.md
  - docs/Models/Shared/DataConnectionStatus.md
  - docs/Models/Shared/SourceType.md
  - docs/Models/Shared/DataConnectionError.md
  - docs/Models/Shared/CompanyRequestBody.md
  - docs/Models/Shared/Companies.md
  - docs/Models/Shared/Links.md
  - docs/Models/Shared/HalRef.md
  - docs/Models/Shared/ConnectionManagementAccessToken.md
  - docs/Models/Shared/ConnectionManagementAllowedOrigins.md
  - docs/Models/Shared/Connections.md
  - docs/Models/Shared/UpdateConnectionStatus.md
  - docs/Models/Shared/CustomDataTypeConfiguration.md
  - docs/Models/Shared/CustomDataTypeRecords.md
  - docs/Models/Shared/Content.md
  - docs/Models/Shared/ModifiedDate.md
  - docs/Models/Shared/CustomDataTypeRecord.md
  - docs/Models/Shared/DatasetStatus.md
  - docs/Models/Shared/PullOperation.md
  - docs/Models/Shared/PushOption.md
  - docs/Models/Shared/PushValidationInfo.md
  - docs/Models/Shared/PushFieldValidation.md
  - docs/Models/Shared/PushOptionType.md
  - docs/Models/Shared/PushOptionProperty.md
  - docs/Models/Shared/PushOptionChoice.md
  - docs/Models/Shared/SchemaDataType.md
  - docs/Models/Shared/PushOperation.md
  - docs/Models/Shared/Validation.md
  - docs/Models/Shared/ValidationItem.md
  - docs/Models/Shared/PushOperationStatus.md
  - docs/Models/Shared/PushOperationChange.md
  - docs/Models/Shared/PushChangeType.md
  - docs/Models/Shared/PushOperationRef.md
  - docs/Models/Shared/PushOperations.md
  - docs/Models/Shared/DataStatuses.md
  - docs/Models/Shared/DataTypes.md
  - docs/Models/Shared/DataStatus.md
  - docs/Models/Shared/Status.md
  - docs/Models/Shared/PullOperations.md
  - docs/Models/Shared/CompanyGroupAssignment.md
  - docs/Models/Shared/Group.md
  - docs/Models/Shared/GroupPrototype.md
  - docs/Models/Shared/Groups.md
  - docs/Models/Shared/Integration.md
  - docs/Models/Shared/DataTypeFeature.md
  - docs/Models/Shared/SupportedFeature.md
  - docs/Models/Shared/FeatureType.md
  - docs/Models/Shared/FeatureState.md
  - docs/Models/Shared/Branding.md
  - docs/Models/Shared/BrandingLogo.md
  - docs/Models/Shared/BrandingImage.md
  - docs/Models/Shared/ImageReference.md
  - docs/Models/Shared/BrandingButton.md
  - docs/Models/Shared/Integrations.md
  - docs/Models/Shared/SupplementalDataSourceConfiguration.md
  - docs/Models/Shared/SupplementalDataConfiguration.md
  - docs/Models/Shared/Webhook.md
  - docs/Models/Shared/WebhookNotifier.md
  - docs/Models/Shared/CreateRule.md
  - docs/Models/Shared/WebhookConsumer.md
  - docs/Models/Shared/WebhookConsumerPrototype.md
  - docs/Models/Shared/Webhooks.md
  - docs/Models/Shared/WebhookConsumers.md
  - docs/Models/Shared/Security.md
  - docs/Models/Shared/ClientRateLimitReachedWebhook.md
  - docs/Models/Shared/ClientRateLimitReachedWebhookData.md
  - docs/Models/Shared/ClientRateLimitResetWebhook.md
  - docs/Models/Shared/ClientRateLimitResetWebhookData.md
  - docs/Models/Shared/ConnectionStatusChangedWebhook.md
  - docs/Models/Shared/ConnectionStatusChangedWebhookData.md
  - docs/Models/Shared/DataSyncCompletedWebhook.md
  - docs/Models/Shared/DataSyncCompletedWebhookData.md
  - docs/Models/Shared/DatasetDataChangedWebhookData.md
  - docs/Models/Shared/DatasetDataChangedWebhook.md
  - docs/Models/Shared/DatasetStatusChangedErrorWebhook.md
  - docs/Models/Shared/DatasetStatusChangedErrorWebhookData.md
  - docs/Models/Shared/NewCompanySynchronizedWebhook.md
  - docs/Models/Shared/NewCompanySynchronizedWebhookData.md
  - docs/Models/Shared/PushOperationTimedOutWebhook.md
  - docs/Models/Shared/PushOperationTimedOutWebhookData.md
  - docs/Models/Shared/PushOperationStatusChangedWebhook.md
  - docs/Models/Shared/PushOperationStatusChangedWebhookData.md
  - docs/Models/Errors/ErrorMessage.md
  - docs/Models/Webhooks/ClientRateLimitReachedResponse.md
  - docs/Models/Webhooks/ClientRateLimitResetResponse.md
  - docs/Models/Webhooks/CompanyDataConnectionStatusChangedResponse.md
  - docs/Models/Webhooks/DataSyncCompletedResponse.md
  - docs/Models/Webhooks/DatasetDataChangedResponse.md
  - docs/Models/Webhooks/DatasetStatusHasChangedToAnErrorStateResponse.md
  - docs/Models/Webhooks/NewCompanySynchronizedResponse.md
  - docs/Models/Webhooks/PushOperationHasTimedOutResponse.md
  - docs/Models/Webhooks/PushOperationStatusHasChangedResponse.md
  - docs/sdks/codatplatform/README.md
  - docs/sdks/settings/README.md
  - docs/sdks/companies/README.md
  - docs/sdks/connectionmanagement/README.md
  - docs/sdks/corssettings/README.md
  - docs/sdks/connections/README.md
  - docs/sdks/customdatatype/README.md
  - docs/sdks/pushdata/README.md
  - docs/sdks/refreshdata/README.md
  - docs/sdks/groups/README.md
  - docs/sdks/integrations/README.md
  - docs/sdks/supplementaldata/README.md
  - docs/sdks/webhooks/README.md
  - USAGE.md
  - .gitattributes
  - Codat/Platform/Hooks/SDKHooks.cs
  - Codat/Platform/Hooks/HookTypes.cs
