lockVersion: 2.0.0
id: 803b84ac-e26a-4a5c-9224-dbc3d0c7712a
management:
  docChecksum: 6b9afa35a1ca4d8a1834643e80dd9a19
  docVersion: 3.0.0
  speakeasyVersion: internal
  generationVersion: 2.277.0
  releaseVersion: 3.5.0
  configChecksum: 605930df391788cea1af3125ed3a7244
  repoURL: https://github.com/codatio/client-sdk-csharp.git
  repoSubDirectory: platform
  published: true
features:
  csharp:
    core: 3.4.3
    deprecations: 2.81.2
    examples: 2.81.3
    globalSecurity: 2.83.3
    globalServerURLs: 2.82.2
    inputOutputModels: 2.83.0
    nameOverrides: 2.81.1
    webhooks: 1.0.0
generatedFiles:
  - CodatPlatform/Settings.cs
  - CodatPlatform/Companies.cs
  - CodatPlatform/Connections.cs
  - CodatPlatform/CustomDataType.cs
  - CodatPlatform/PushData.cs
  - CodatPlatform/RefreshData.cs
  - CodatPlatform/Groups.cs
  - CodatPlatform/Integrations.cs
  - CodatPlatform/SupplementalData.cs
  - CodatPlatform/Webhooks.cs
  - CodatPlatform/CodatPlatform.cs
  - global.json
  - CodatPlatform/Utils/BigIntSerializer.cs
  - CodatPlatform/Utils/DecimalSerializer.cs
  - CodatPlatform/Utils/EnumSerializer.cs
  - CodatPlatform/Utils/FlexibleObjectDeserializer.cs
  - CodatPlatform/Utils/HeaderSerializer.cs
  - CodatPlatform/Utils/IsoDateTimeSerializer.cs
  - CodatPlatform/Utils/RequestBodySerializer.cs
  - CodatPlatform/Utils/SecuritySerializer.cs
  - CodatPlatform/Utils/SpeakeasyHttpClient.cs
  - CodatPlatform/Utils/SpeakeasyMetadata.cs
  - CodatPlatform/Utils/URLBuilder.cs
  - CodatPlatform/Utils/Utilities.cs
  - CodatPlatform/CodatPlatform.csproj
  - CodatPlatform.sln
  - CodatPlatform/Models/Operations/CreateApiKeyResponse.cs
  - CodatPlatform/Models/Operations/DeleteApiKeyRequest.cs
  - CodatPlatform/Models/Operations/DeleteApiKeyResponse.cs
  - CodatPlatform/Models/Operations/GetProfileResponse.cs
  - CodatPlatform/Models/Operations/GetProfileSyncSettingsResponse.cs
  - CodatPlatform/Models/Operations/ListApiKeysResponse.cs
  - CodatPlatform/Models/Operations/UpdateProfileResponse.cs
  - CodatPlatform/Models/Operations/UpdateProfileSyncSettingsRequestBody.cs
  - CodatPlatform/Models/Operations/UpdateProfileSyncSettingsResponse.cs
  - CodatPlatform/Models/Operations/CreateCompanyResponse.cs
  - CodatPlatform/Models/Operations/DeleteCompanyRequest.cs
  - CodatPlatform/Models/Operations/DeleteCompanyResponse.cs
  - CodatPlatform/Models/Operations/GetCompanyRequest.cs
  - CodatPlatform/Models/Operations/GetCompanyResponse.cs
  - CodatPlatform/Models/Operations/ListCompaniesRequest.cs
  - CodatPlatform/Models/Operations/ListCompaniesResponse.cs
  - CodatPlatform/Models/Operations/UpdateCompanyRequest.cs
  - CodatPlatform/Models/Operations/UpdateCompanyResponse.cs
  - CodatPlatform/Models/Operations/CreateConnectionRequestBody.cs
  - CodatPlatform/Models/Operations/CreateConnectionRequest.cs
  - CodatPlatform/Models/Operations/CreateConnectionResponse.cs
  - CodatPlatform/Models/Operations/DeleteConnectionRequest.cs
  - CodatPlatform/Models/Operations/DeleteConnectionResponse.cs
  - CodatPlatform/Models/Operations/GetConnectionRequest.cs
  - CodatPlatform/Models/Operations/GetConnectionResponse.cs
  - CodatPlatform/Models/Operations/ListConnectionsRequest.cs
  - CodatPlatform/Models/Operations/ListConnectionsResponse.cs
  - CodatPlatform/Models/Operations/UnlinkConnectionRequest.cs
  - CodatPlatform/Models/Operations/UnlinkConnectionResponse.cs
  - CodatPlatform/Models/Operations/UpdateConnectionAuthorizationRequest.cs
  - CodatPlatform/Models/Operations/UpdateConnectionAuthorizationResponse.cs
  - CodatPlatform/Models/Operations/ConfigureCustomDataTypeRequest.cs
  - CodatPlatform/Models/Operations/ConfigureCustomDataTypeResponse.cs
  - CodatPlatform/Models/Operations/GetCustomDataTypeConfigurationRequest.cs
  - CodatPlatform/Models/Operations/GetCustomDataTypeConfigurationResponse.cs
  - CodatPlatform/Models/Operations/ListCustomDataTypeRecordsRequest.cs
  - CodatPlatform/Models/Operations/ListCustomDataTypeRecordsResponse.cs
  - CodatPlatform/Models/Operations/RefreshCustomDataTypeRequest.cs
  - CodatPlatform/Models/Operations/RefreshCustomDataTypeResponse.cs
  - CodatPlatform/Models/Operations/GetCreateUpdateModelOptionsByDataTypeRequest.cs
  - CodatPlatform/Models/Operations/GetCreateUpdateModelOptionsByDataTypeResponse.cs
  - CodatPlatform/Models/Operations/GetPushOperationRequest.cs
  - CodatPlatform/Models/Operations/GetPushOperationResponse.cs
  - CodatPlatform/Models/Operations/GetCompanyPushHistoryRequest.cs
  - CodatPlatform/Models/Operations/GetCompanyPushHistoryResponse.cs
  - CodatPlatform/Models/Operations/RefreshCompanyDataRequest.cs
  - CodatPlatform/Models/Operations/RefreshCompanyDataResponse.cs
  - CodatPlatform/Models/Operations/RefreshDataTypeRequest.cs
  - CodatPlatform/Models/Operations/RefreshDataTypeResponse.cs
  - CodatPlatform/Models/Operations/GetCompanyDataStatusRequest.cs
  - CodatPlatform/Models/Operations/GetCompanyDataStatusResponse.cs
  - CodatPlatform/Models/Operations/GetPullOperationRequest.cs
  - CodatPlatform/Models/Operations/GetPullOperationResponse.cs
  - CodatPlatform/Models/Operations/ListPullOperationsRequest.cs
  - CodatPlatform/Models/Operations/ListPullOperationsResponse.cs
  - CodatPlatform/Models/Operations/AddCompanyToGroupRequest.cs
  - CodatPlatform/Models/Operations/AddCompanyToGroupResponse.cs
  - CodatPlatform/Models/Operations/CreateGroupResponse.cs
  - CodatPlatform/Models/Operations/ListGroupsResponse.cs
  - CodatPlatform/Models/Operations/RemoveCompanyFromGroupRequest.cs
  - CodatPlatform/Models/Operations/RemoveCompanyFromGroupResponse.cs
  - CodatPlatform/Models/Operations/GetIntegrationRequest.cs
  - CodatPlatform/Models/Operations/GetIntegrationResponse.cs
  - CodatPlatform/Models/Operations/GetIntegrationsBrandingRequest.cs
  - CodatPlatform/Models/Operations/GetIntegrationsBrandingResponse.cs
  - CodatPlatform/Models/Operations/ListIntegrationsRequest.cs
  - CodatPlatform/Models/Operations/ListIntegrationsResponse.cs
  - CodatPlatform/Models/Operations/DataType.cs
  - CodatPlatform/Models/Operations/ConfigureSupplementalDataRequest.cs
  - CodatPlatform/Models/Operations/ConfigureSupplementalDataResponse.cs
  - CodatPlatform/Models/Operations/PathParamDataType.cs
  - CodatPlatform/Models/Operations/GetSupplementalDataConfigurationRequest.cs
  - CodatPlatform/Models/Operations/GetSupplementalDataConfigurationResponse.cs
  - CodatPlatform/Models/Operations/CreateRuleResponse.cs
  - CodatPlatform/Models/Operations/CreateWebhookConsumerResponse.cs
  - CodatPlatform/Models/Operations/DeleteWebhookConsumerRequest.cs
  - CodatPlatform/Models/Operations/DeleteWebhookConsumerResponse.cs
  - CodatPlatform/Models/Operations/GetWebhookRequest.cs
  - CodatPlatform/Models/Operations/GetWebhookResponse.cs
  - CodatPlatform/Models/Operations/ListRulesRequest.cs
  - CodatPlatform/Models/Operations/ListRulesResponse.cs
  - CodatPlatform/Models/Operations/ListWebhookConsumersResponse.cs
  - CodatPlatform/Models/Shared/ErrorMessage.cs
  - CodatPlatform/Models/Shared/ErrorValidation.cs
  - CodatPlatform/Models/Shared/ErrorValidationItem.cs
  - CodatPlatform/Models/Shared/ApiKeyDetails.cs
  - CodatPlatform/Models/Shared/CreateApiKey.cs
  - CodatPlatform/Models/Shared/Profile.cs
  - CodatPlatform/Models/Shared/SyncSettings.cs
  - CodatPlatform/Models/Shared/SyncSetting.cs
  - CodatPlatform/Models/Shared/DataType.cs
  - CodatPlatform/Models/Shared/ApiKeys.cs
  - CodatPlatform/Models/Shared/Company.cs
  - CodatPlatform/Models/Shared/GroupRef.cs
  - CodatPlatform/Models/Shared/Connection.cs
  - CodatPlatform/Models/Shared/DataConnectionStatus.cs
  - CodatPlatform/Models/Shared/SourceType.cs
  - CodatPlatform/Models/Shared/DataConnectionError.cs
  - CodatPlatform/Models/Shared/CompanyRequestBody.cs
  - CodatPlatform/Models/Shared/Companies.cs
  - CodatPlatform/Models/Shared/Links.cs
  - CodatPlatform/Models/Shared/HalRef.cs
  - CodatPlatform/Models/Shared/Connections.cs
  - CodatPlatform/Models/Shared/UpdateConnectionStatus.cs
  - CodatPlatform/Models/Shared/CustomDataTypeConfiguration.cs
  - CodatPlatform/Models/Shared/CustomDataTypeRecords.cs
  - CodatPlatform/Models/Shared/Content.cs
  - CodatPlatform/Models/Shared/ModifiedDate.cs
  - CodatPlatform/Models/Shared/CustomDataTypeRecord.cs
  - CodatPlatform/Models/Shared/Status.cs
  - CodatPlatform/Models/Shared/PullOperation.cs
  - CodatPlatform/Models/Shared/PushOption.cs
  - CodatPlatform/Models/Shared/PushValidationInfo.cs
  - CodatPlatform/Models/Shared/PushFieldValidation.cs
  - CodatPlatform/Models/Shared/PushOptionType.cs
  - CodatPlatform/Models/Shared/PushOptionProperty.cs
  - CodatPlatform/Models/Shared/PushOptionChoice.cs
  - CodatPlatform/Models/Shared/SchemaDataType.cs
  - CodatPlatform/Models/Shared/PushOperation.cs
  - CodatPlatform/Models/Shared/Validation.cs
  - CodatPlatform/Models/Shared/ValidationItem.cs
  - CodatPlatform/Models/Shared/PushOperationStatus.cs
  - CodatPlatform/Models/Shared/PushOperationChange.cs
  - CodatPlatform/Models/Shared/PushChangeType.cs
  - CodatPlatform/Models/Shared/PushOperationRef.cs
  - CodatPlatform/Models/Shared/PushOperations.cs
  - CodatPlatform/Models/Shared/DataTypes.cs
  - CodatPlatform/Models/Shared/DataStatus.cs
  - CodatPlatform/Models/Shared/PullOperations.cs
  - CodatPlatform/Models/Shared/CompanyGroupAssignment.cs
  - CodatPlatform/Models/Shared/Group.cs
  - CodatPlatform/Models/Shared/GroupPrototype.cs
  - CodatPlatform/Models/Shared/Groups.cs
  - CodatPlatform/Models/Shared/Integration.cs
  - CodatPlatform/Models/Shared/DataTypeFeature.cs
  - CodatPlatform/Models/Shared/SupportedFeature.cs
  - CodatPlatform/Models/Shared/FeatureType.cs
  - CodatPlatform/Models/Shared/FeatureState.cs
  - CodatPlatform/Models/Shared/Branding.cs
  - CodatPlatform/Models/Shared/BrandingLogo.cs
  - CodatPlatform/Models/Shared/BrandingImage.cs
  - CodatPlatform/Models/Shared/ImageReference.cs
  - CodatPlatform/Models/Shared/BrandingButton.cs
  - CodatPlatform/Models/Shared/Integrations.cs
  - CodatPlatform/Models/Shared/SupplementalDataSourceConfiguration.cs
  - CodatPlatform/Models/Shared/SupplementalDataConfiguration.cs
  - CodatPlatform/Models/Shared/Webhook.cs
  - CodatPlatform/Models/Shared/WebhookNotifier.cs
  - CodatPlatform/Models/Shared/CreateRule.cs
  - CodatPlatform/Models/Shared/WebhookConsumer.cs
  - CodatPlatform/Models/Shared/WebhookConsumerPrototype.cs
  - CodatPlatform/Models/Shared/Webhooks.cs
  - CodatPlatform/Models/Shared/WebhookConsumers.cs
  - CodatPlatform/Models/Shared/Security.cs
  - CodatPlatform/Models/Shared/ClientRateLimitReachedWebhook.cs
  - CodatPlatform/Models/Shared/ClientRateLimitReachedWebhookData.cs
  - CodatPlatform/Models/Shared/ClientRateLimitResetWebhook.cs
  - CodatPlatform/Models/Shared/ClientRateLimitResetWebhookData.cs
  - CodatPlatform/Models/Shared/ConnectionStatusChangedWebhook.cs
  - CodatPlatform/Models/Shared/ConnectionStatusChangedWebhookData.cs
  - CodatPlatform/Models/Shared/DataSyncCompletedWebhook.cs
  - CodatPlatform/Models/Shared/DataSyncCompletedWebhookData.cs
  - CodatPlatform/Models/Shared/DatasetDataChangedWebhookData.cs
  - CodatPlatform/Models/Shared/DatasetDataChangedWebhook.cs
  - CodatPlatform/Models/Shared/DatasetStatusChangedErrorWebhook.cs
  - CodatPlatform/Models/Shared/DatasetStatusChangedErrorWebhookData.cs
  - CodatPlatform/Models/Shared/NewCompanySynchronizedWebhook.cs
  - CodatPlatform/Models/Shared/NewCompanySynchronizedWebhookData.cs
  - CodatPlatform/Models/Shared/PushOperationTimedOutWebhook.cs
  - CodatPlatform/Models/Shared/PushOperationTimedOutWebhookData.cs
  - CodatPlatform/Models/Shared/PushOperationStatusChangedWebhook.cs
  - CodatPlatform/Models/Shared/PushOperationStatusChangedWebhookData.cs
  - CodatPlatform/Models/Webhooks/ClientRateLimitReachedResponse.cs
  - CodatPlatform/Models/Webhooks/ClientRateLimitResetResponse.cs
  - CodatPlatform/Models/Webhooks/CompanyDataConnectionStatusChangedResponse.cs
  - CodatPlatform/Models/Webhooks/DataSyncCompletedResponse.cs
  - CodatPlatform/Models/Webhooks/DatasetDataChangedResponse.cs
  - CodatPlatform/Models/Webhooks/DatasetStatusHasChangedToAnErrorStateResponse.cs
  - CodatPlatform/Models/Webhooks/NewCompanySynchronizedResponse.cs
  - CodatPlatform/Models/Webhooks/PushOperationHasTimedOutResponse.cs
  - CodatPlatform/Models/Webhooks/PushOperationStatusHasChangedResponse.cs
  - docs/Models/Operations/CreateApiKeyResponse.md
  - docs/Models/Operations/DeleteApiKeyRequest.md
  - docs/Models/Operations/DeleteApiKeyResponse.md
  - docs/Models/Operations/GetProfileResponse.md
  - docs/Models/Operations/GetProfileSyncSettingsResponse.md
  - docs/Models/Operations/ListApiKeysResponse.md
  - docs/Models/Operations/UpdateProfileResponse.md
  - docs/Models/Operations/UpdateProfileSyncSettingsRequestBody.md
  - docs/Models/Operations/UpdateProfileSyncSettingsResponse.md
  - docs/Models/Operations/CreateCompanyResponse.md
  - docs/Models/Operations/DeleteCompanyRequest.md
  - docs/Models/Operations/DeleteCompanyResponse.md
  - docs/Models/Operations/GetCompanyRequest.md
  - docs/Models/Operations/GetCompanyResponse.md
  - docs/Models/Operations/ListCompaniesRequest.md
  - docs/Models/Operations/ListCompaniesResponse.md
  - docs/Models/Operations/UpdateCompanyRequest.md
  - docs/Models/Operations/UpdateCompanyResponse.md
  - docs/Models/Operations/CreateConnectionRequestBody.md
  - docs/Models/Operations/CreateConnectionRequest.md
  - docs/Models/Operations/CreateConnectionResponse.md
  - docs/Models/Operations/DeleteConnectionRequest.md
  - docs/Models/Operations/DeleteConnectionResponse.md
  - docs/Models/Operations/GetConnectionRequest.md
  - docs/Models/Operations/GetConnectionResponse.md
  - docs/Models/Operations/ListConnectionsRequest.md
  - docs/Models/Operations/ListConnectionsResponse.md
  - docs/Models/Operations/UnlinkConnectionRequest.md
  - docs/Models/Operations/UnlinkConnectionResponse.md
  - docs/Models/Operations/UpdateConnectionAuthorizationRequest.md
  - docs/Models/Operations/UpdateConnectionAuthorizationResponse.md
  - docs/Models/Operations/ConfigureCustomDataTypeRequest.md
  - docs/Models/Operations/ConfigureCustomDataTypeResponse.md
  - docs/Models/Operations/GetCustomDataTypeConfigurationRequest.md
  - docs/Models/Operations/GetCustomDataTypeConfigurationResponse.md
  - docs/Models/Operations/ListCustomDataTypeRecordsRequest.md
  - docs/Models/Operations/ListCustomDataTypeRecordsResponse.md
  - docs/Models/Operations/RefreshCustomDataTypeRequest.md
  - docs/Models/Operations/RefreshCustomDataTypeResponse.md
  - docs/Models/Operations/GetCreateUpdateModelOptionsByDataTypeRequest.md
  - docs/Models/Operations/GetCreateUpdateModelOptionsByDataTypeResponse.md
  - docs/Models/Operations/GetPushOperationRequest.md
  - docs/Models/Operations/GetPushOperationResponse.md
  - docs/Models/Operations/GetCompanyPushHistoryRequest.md
  - docs/Models/Operations/GetCompanyPushHistoryResponse.md
  - docs/Models/Operations/RefreshCompanyDataRequest.md
  - docs/Models/Operations/RefreshCompanyDataResponse.md
  - docs/Models/Operations/RefreshDataTypeRequest.md
  - docs/Models/Operations/RefreshDataTypeResponse.md
  - docs/Models/Operations/GetCompanyDataStatusRequest.md
  - docs/Models/Operations/GetCompanyDataStatusResponse.md
  - docs/Models/Operations/GetPullOperationRequest.md
  - docs/Models/Operations/GetPullOperationResponse.md
  - docs/Models/Operations/ListPullOperationsRequest.md
  - docs/Models/Operations/ListPullOperationsResponse.md
  - docs/Models/Operations/AddCompanyToGroupRequest.md
  - docs/Models/Operations/AddCompanyToGroupResponse.md
  - docs/Models/Operations/CreateGroupResponse.md
  - docs/Models/Operations/ListGroupsResponse.md
  - docs/Models/Operations/RemoveCompanyFromGroupRequest.md
  - docs/Models/Operations/RemoveCompanyFromGroupResponse.md
  - docs/Models/Operations/GetIntegrationRequest.md
  - docs/Models/Operations/GetIntegrationResponse.md
  - docs/Models/Operations/GetIntegrationsBrandingRequest.md
  - docs/Models/Operations/GetIntegrationsBrandingResponse.md
  - docs/Models/Operations/ListIntegrationsRequest.md
  - docs/Models/Operations/ListIntegrationsResponse.md
  - docs/Models/Operations/DataType.md
  - docs/Models/Operations/ConfigureSupplementalDataRequest.md
  - docs/Models/Operations/ConfigureSupplementalDataResponse.md
  - docs/Models/Operations/PathParamDataType.md
  - docs/Models/Operations/GetSupplementalDataConfigurationRequest.md
  - docs/Models/Operations/GetSupplementalDataConfigurationResponse.md
  - docs/Models/Operations/CreateRuleResponse.md
  - docs/Models/Operations/CreateWebhookConsumerResponse.md
  - docs/Models/Operations/DeleteWebhookConsumerRequest.md
  - docs/Models/Operations/DeleteWebhookConsumerResponse.md
  - docs/Models/Operations/GetWebhookRequest.md
  - docs/Models/Operations/GetWebhookResponse.md
  - docs/Models/Operations/ListRulesRequest.md
  - docs/Models/Operations/ListRulesResponse.md
  - docs/Models/Operations/ListWebhookConsumersResponse.md
  - docs/Models/Shared/ErrorMessage.md
  - docs/Models/Shared/ErrorValidation.md
  - docs/Models/Shared/ErrorValidationItem.md
  - docs/Models/Shared/ApiKeyDetails.md
  - docs/Models/Shared/CreateApiKey.md
  - docs/Models/Shared/Profile.md
  - docs/Models/Shared/SyncSettings.md
  - docs/Models/Shared/SyncSetting.md
  - docs/Models/Shared/DataType.md
  - docs/Models/Shared/ApiKeys.md
  - docs/Models/Shared/Company.md
  - docs/Models/Shared/GroupRef.md
  - docs/Models/Shared/Connection.md
  - docs/Models/Shared/DataConnectionStatus.md
  - docs/Models/Shared/SourceType.md
  - docs/Models/Shared/DataConnectionError.md
  - docs/Models/Shared/CompanyRequestBody.md
  - docs/Models/Shared/Companies.md
  - docs/Models/Shared/Links.md
  - docs/Models/Shared/HalRef.md
  - docs/Models/Shared/Connections.md
  - docs/Models/Shared/UpdateConnectionStatus.md
  - docs/Models/Shared/CustomDataTypeConfiguration.md
  - docs/Models/Shared/CustomDataTypeRecords.md
  - docs/Models/Shared/Content.md
  - docs/Models/Shared/ModifiedDate.md
  - docs/Models/Shared/CustomDataTypeRecord.md
  - docs/Models/Shared/Status.md
  - docs/Models/Shared/PullOperation.md
  - docs/Models/Shared/PushOption.md
  - docs/Models/Shared/PushValidationInfo.md
  - docs/Models/Shared/PushFieldValidation.md
  - docs/Models/Shared/PushOptionType.md
  - docs/Models/Shared/PushOptionProperty.md
  - docs/Models/Shared/PushOptionChoice.md
  - docs/Models/Shared/SchemaDataType.md
  - docs/Models/Shared/PushOperation.md
  - docs/Models/Shared/Validation.md
  - docs/Models/Shared/ValidationItem.md
  - docs/Models/Shared/PushOperationStatus.md
  - docs/Models/Shared/PushOperationChange.md
  - docs/Models/Shared/PushChangeType.md
  - docs/Models/Shared/PushOperationRef.md
  - docs/Models/Shared/PushOperations.md
  - docs/Models/Shared/DataTypes.md
  - docs/Models/Shared/DataStatus.md
  - docs/Models/Shared/PullOperations.md
  - docs/Models/Shared/CompanyGroupAssignment.md
  - docs/Models/Shared/Group.md
  - docs/Models/Shared/GroupPrototype.md
  - docs/Models/Shared/Groups.md
  - docs/Models/Shared/Integration.md
  - docs/Models/Shared/DataTypeFeature.md
  - docs/Models/Shared/SupportedFeature.md
  - docs/Models/Shared/FeatureType.md
  - docs/Models/Shared/FeatureState.md
  - docs/Models/Shared/Branding.md
  - docs/Models/Shared/BrandingLogo.md
  - docs/Models/Shared/BrandingImage.md
  - docs/Models/Shared/ImageReference.md
  - docs/Models/Shared/BrandingButton.md
  - docs/Models/Shared/Integrations.md
  - docs/Models/Shared/SupplementalDataSourceConfiguration.md
  - docs/Models/Shared/SupplementalDataConfiguration.md
  - docs/Models/Shared/Webhook.md
  - docs/Models/Shared/WebhookNotifier.md
  - docs/Models/Shared/CreateRule.md
  - docs/Models/Shared/WebhookConsumer.md
  - docs/Models/Shared/WebhookConsumerPrototype.md
  - docs/Models/Shared/Webhooks.md
  - docs/Models/Shared/WebhookConsumers.md
  - docs/Models/Shared/Security.md
  - docs/Models/Shared/ClientRateLimitReachedWebhook.md
  - docs/Models/Shared/ClientRateLimitReachedWebhookData.md
  - docs/Models/Shared/ClientRateLimitResetWebhook.md
  - docs/Models/Shared/ClientRateLimitResetWebhookData.md
  - docs/Models/Shared/ConnectionStatusChangedWebhook.md
  - docs/Models/Shared/ConnectionStatusChangedWebhookData.md
  - docs/Models/Shared/DataSyncCompletedWebhook.md
  - docs/Models/Shared/DataSyncCompletedWebhookData.md
  - docs/Models/Shared/DatasetDataChangedWebhookData.md
  - docs/Models/Shared/DatasetDataChangedWebhook.md
  - docs/Models/Shared/DatasetStatusChangedErrorWebhook.md
  - docs/Models/Shared/DatasetStatusChangedErrorWebhookData.md
  - docs/Models/Shared/NewCompanySynchronizedWebhook.md
  - docs/Models/Shared/NewCompanySynchronizedWebhookData.md
  - docs/Models/Shared/PushOperationTimedOutWebhook.md
  - docs/Models/Shared/PushOperationTimedOutWebhookData.md
  - docs/Models/Shared/PushOperationStatusChangedWebhook.md
  - docs/Models/Shared/PushOperationStatusChangedWebhookData.md
  - docs/Models/Webhooks/ClientRateLimitReachedResponse.md
  - docs/Models/Webhooks/ClientRateLimitResetResponse.md
  - docs/Models/Webhooks/CompanyDataConnectionStatusChangedResponse.md
  - docs/Models/Webhooks/DataSyncCompletedResponse.md
  - docs/Models/Webhooks/DatasetDataChangedResponse.md
  - docs/Models/Webhooks/DatasetStatusHasChangedToAnErrorStateResponse.md
  - docs/Models/Webhooks/NewCompanySynchronizedResponse.md
  - docs/Models/Webhooks/PushOperationHasTimedOutResponse.md
  - docs/Models/Webhooks/PushOperationStatusHasChangedResponse.md
  - docs/sdks/codatplatform/README.md
  - docs/sdks/settings/README.md
  - docs/sdks/companies/README.md
  - docs/sdks/connections/README.md
  - docs/sdks/customdatatype/README.md
  - docs/sdks/pushdata/README.md
  - docs/sdks/refreshdata/README.md
  - docs/sdks/groups/README.md
  - docs/sdks/integrations/README.md
  - docs/sdks/supplementaldata/README.md
  - docs/sdks/webhooks/README.md
  - USAGE.md
  - .gitattributes
