speakeasyVersion: 1.396.6
sources:
    bank-feeds-source:
        sourceNamespace: bank-feeds-source
        sourceRevisionDigest: sha256:ccef85376bbc987ea49cd61be000ea911639ec530399e528922e09062c02fa5f
        sourceBlobDigest: sha256:24d837ec7ccccb55559e6de16951a64c09874b48e5ca92b7af36ea0b95b0eac2
        tags:
            - latest
            - main
    sync-for-payables-version-1-source:
        sourceNamespace: sync-for-payables-version-1-source
        sourceRevisionDigest: sha256:df509454e6c034a0c28a7303b93d367596ccf69d9de46f29a6a9bf887de92531
        sourceBlobDigest: sha256:e1fb1fe0af40cf137b8b320fd75e913c83e54e0a2bb2e80a5af69e0bce409e71
        tags:
            - latest
            - main
targets:
    bank-feeds-library:
        source: bank-feeds-source
        sourceNamespace: bank-feeds-source
        sourceRevisionDigest: sha256:ccef85376bbc987ea49cd61be000ea911639ec530399e528922e09062c02fa5f
        sourceBlobDigest: sha256:24d837ec7ccccb55559e6de16951a64c09874b48e5ca92b7af36ea0b95b0eac2
    sync-for-payables-version-1-library:
        source: sync-for-payables-version-1-source
        sourceNamespace: sync-for-payables-version-1-source
        sourceRevisionDigest: sha256:df509454e6c034a0c28a7303b93d367596ccf69d9de46f29a6a9bf887de92531
        sourceBlobDigest: sha256:e1fb1fe0af40cf137b8b320fd75e913c83e54e0a2bb2e80a5af69e0bce409e71
workflow:
    workflowVersion: 1.0.0
    speakeasyVersion: latest
    sources:
        bank-feeds-source:
            inputs:
                - location: https://raw.githubusercontent.com/codatio/oas/main/yaml/Codat-Bank-Feeds.yaml
            registry:
                location: registry.speakeasyapi.dev/codat/codat/bank-feeds-source
        lending-source:
            inputs:
                - location: https://raw.githubusercontent.com/codatio/oas/main/yaml/Codat-Lending.yaml
        platform-source:
            inputs:
                - location: https://raw.githubusercontent.com/codatio/oas/main/yaml/Codat-Platform.yaml
        sync-for-commerce-source:
            inputs:
                - location: https://raw.githubusercontent.com/codatio/oas/main/yaml/Codat-Sync-Commerce.yaml
        sync-for-expenses-source:
            inputs:
                - location: https://raw.githubusercontent.com/codatio/oas/main/yaml/Codat-Sync-Expenses.yaml
        sync-for-payables-source:
            inputs:
                - location: https://raw.githubusercontent.com/codatio/oas/main/yaml/Codat-Sync-Payables.yaml
        sync-for-payables-version-1-source:
            inputs:
                - location: https://raw.githubusercontent.com/codatio/oas/main/yaml/Codat-Sync-Payables-v1.yaml
            registry:
                location: registry.speakeasyapi.dev/codat/codat/sync-for-payables-version-1-source
        sync-for-payroll-source:
            inputs:
                - location: https://raw.githubusercontent.com/codatio/oas/main/yaml/Codat-Sync-Payroll.yaml
    targets:
        bank-feeds-library:
            target: csharp
            source: bank-feeds-source
            output: bank-feeds
            publish:
                nuget:
                    apiKey: $nuget_api_key
        lending-library:
            target: csharp
            source: lending-source
            output: lending
            publish:
                nuget:
                    apiKey: $nuget_api_key
        platform-library:
            target: csharp
            source: platform-source
            output: platform
            publish:
                nuget:
                    apiKey: $nuget_api_key
        sync-for-commerce-library:
            target: csharp
            source: sync-for-commerce-source
            output: sync-for-commerce
            publish:
                nuget:
                    apiKey: $nuget_api_key
        sync-for-expenses-library:
            target: csharp
            source: sync-for-expenses-source
            output: sync-for-expenses
            publish:
                nuget:
                    apiKey: $nuget_api_key
        sync-for-payables-library:
            target: csharp
            source: sync-for-payables-source
            output: sync-for-payables
            publish:
                nuget:
                    apiKey: $nuget_api_key
        sync-for-payables-version-1-library:
            target: csharp
            source: sync-for-payables-version-1-source
            output: previous-versions/sync-for-payables-version-1
            publish:
                nuget:
                    apiKey: $nuget_api_key
        sync-for-payroll-library:
            target: csharp
            source: sync-for-payroll-source
            output: sync-for-payroll
            publish:
                nuget:
                    apiKey: $nuget_api_key
