speakeasyVersion: 1.423.2
sources:
    bank-feeds-source:
        sourceNamespace: bank-feeds-source
        sourceRevisionDigest: sha256:ccef85376bbc987ea49cd61be000ea911639ec530399e528922e09062c02fa5f
        sourceBlobDigest: sha256:24d837ec7ccccb55559e6de16951a64c09874b48e5ca92b7af36ea0b95b0eac2
        tags:
            - latest
            - main
    lending-source:
        sourceNamespace: lending-source
        sourceRevisionDigest: sha256:1abb9712d8df1fe1937d3a50bf5e307354782665b78fc118ea1d124fe54fbf8e
        sourceBlobDigest: sha256:11ae523963780dcf6d5f3e5d617b7d4f809c94c11f59f95202727916e51510f4
        tags:
            - latest
            - main
    platform-source:
        sourceNamespace: platform-source
        sourceRevisionDigest: sha256:79a4904b9895618d236f55146f7a48a82d552ac798f86927edd76800692421c6
        sourceBlobDigest: sha256:e4fb24c2ca300a5005adef27857ad9afba70f056e51a84fb38368609c61cafc8
        tags:
            - latest
            - main
    sync-for-commerce-source:
        sourceNamespace: sync-for-commerce-source
        sourceRevisionDigest: sha256:25f68f6f72e255804ffe90049b3b15b1dd8dcb78e7f96954e1ec5852799fc13f
        sourceBlobDigest: sha256:ab64a148f650a63d3411abb1686ffdcc252ddb1525415957d2dcd7e818882594
        tags:
            - latest
            - main
    sync-for-expenses-source:
        sourceNamespace: sync-for-expenses-source
        sourceRevisionDigest: sha256:29b3738ed98f81087388bc423a26d18d807ebff3e1fe826a8c3d38ec257526ad
        sourceBlobDigest: sha256:8ff5db8d481a4d93a95e36d83aee7ea08d38383a681da291f47206e4153bb757
        tags:
            - latest
            - main
    sync-for-payables-source:
        sourceNamespace: sync-for-payables-source
        sourceRevisionDigest: sha256:21605f4725a9a08f9fda978d5d1417bd36b1f22b5024abdf32a03e55a4b7c41b
        sourceBlobDigest: sha256:ba470d8545087beb7192dcceb326a22e18046b0aa7678d471d6cea44d0ee4b3e
        tags:
            - latest
            - main
    sync-for-payables-version-1-source:
        sourceNamespace: sync-for-payables-version-1-source
        sourceRevisionDigest: sha256:8a265bac8fe5d0a020e2e098459e0d2336d69f6acb919efab1e20e2b0ba4dc79
        sourceBlobDigest: sha256:e1fb1fe0af40cf137b8b320fd75e913c83e54e0a2bb2e80a5af69e0bce409e71
        tags:
            - latest
            - main
    sync-for-payroll-source:
        sourceNamespace: sync-for-payroll-source
        sourceRevisionDigest: sha256:bc65498e99dadc8f219637655003bc96b3a74072424793cfa00f84c4c9a80e74
        sourceBlobDigest: sha256:367f56c8bbc3e5f79b13390764a0e77ad2d9d25ca3e515c1c62b19fe459d927c
        tags:
            - latest
            - main
targets:
    bank-feeds-library:
        source: bank-feeds-source
        sourceNamespace: bank-feeds-source
        sourceRevisionDigest: sha256:ccef85376bbc987ea49cd61be000ea911639ec530399e528922e09062c02fa5f
        sourceBlobDigest: sha256:24d837ec7ccccb55559e6de16951a64c09874b48e5ca92b7af36ea0b95b0eac2
    lending-library:
        source: lending-source
        sourceNamespace: lending-source
        sourceRevisionDigest: sha256:1abb9712d8df1fe1937d3a50bf5e307354782665b78fc118ea1d124fe54fbf8e
        sourceBlobDigest: sha256:11ae523963780dcf6d5f3e5d617b7d4f809c94c11f59f95202727916e51510f4
    platform-library:
        source: platform-source
        sourceNamespace: platform-source
        sourceRevisionDigest: sha256:79a4904b9895618d236f55146f7a48a82d552ac798f86927edd76800692421c6
        sourceBlobDigest: sha256:e4fb24c2ca300a5005adef27857ad9afba70f056e51a84fb38368609c61cafc8
    sync-for-commerce-library:
        source: sync-for-commerce-source
        sourceNamespace: sync-for-commerce-source
        sourceRevisionDigest: sha256:25f68f6f72e255804ffe90049b3b15b1dd8dcb78e7f96954e1ec5852799fc13f
        sourceBlobDigest: sha256:ab64a148f650a63d3411abb1686ffdcc252ddb1525415957d2dcd7e818882594
    sync-for-expenses-library:
        source: sync-for-expenses-source
        sourceNamespace: sync-for-expenses-source
        sourceRevisionDigest: sha256:29b3738ed98f81087388bc423a26d18d807ebff3e1fe826a8c3d38ec257526ad
        sourceBlobDigest: sha256:8ff5db8d481a4d93a95e36d83aee7ea08d38383a681da291f47206e4153bb757
    sync-for-payables-library:
        source: sync-for-payables-source
        sourceNamespace: sync-for-payables-source
        sourceRevisionDigest: sha256:21605f4725a9a08f9fda978d5d1417bd36b1f22b5024abdf32a03e55a4b7c41b
        sourceBlobDigest: sha256:ba470d8545087beb7192dcceb326a22e18046b0aa7678d471d6cea44d0ee4b3e
    sync-for-payables-version-1-library:
        source: sync-for-payables-version-1-source
        sourceNamespace: sync-for-payables-version-1-source
        sourceRevisionDigest: sha256:8a265bac8fe5d0a020e2e098459e0d2336d69f6acb919efab1e20e2b0ba4dc79
        sourceBlobDigest: sha256:e1fb1fe0af40cf137b8b320fd75e913c83e54e0a2bb2e80a5af69e0bce409e71
    sync-for-payroll-library:
        source: sync-for-payroll-source
        sourceNamespace: sync-for-payroll-source
        sourceRevisionDigest: sha256:bc65498e99dadc8f219637655003bc96b3a74072424793cfa00f84c4c9a80e74
        sourceBlobDigest: sha256:367f56c8bbc3e5f79b13390764a0e77ad2d9d25ca3e515c1c62b19fe459d927c
workflow:
    workflowVersion: 1.0.0
    speakeasyVersion: latest
    sources:
        bank-feeds-source:
            inputs:
                - location: https://raw.githubusercontent.com/codatio/oas/main/yaml/Codat-Bank-Feeds.yaml
            registry:
                location: registry.speakeasyapi.dev/codat/codat/bank-feeds-source
        lending-source:
            inputs:
                - location: https://raw.githubusercontent.com/codatio/oas/main/yaml/Codat-Lending.yaml
            registry:
                location: registry.speakeasyapi.dev/codat/codat/lending-source
        platform-source:
            inputs:
                - location: https://raw.githubusercontent.com/codatio/oas/main/yaml/Codat-Platform.yaml
            registry:
                location: registry.speakeasyapi.dev/codat/codat/platform-source
        sync-for-commerce-source:
            inputs:
                - location: https://raw.githubusercontent.com/codatio/oas/main/yaml/Codat-Sync-Commerce.yaml
            registry:
                location: registry.speakeasyapi.dev/codat/codat/sync-for-commerce-source
        sync-for-expenses-source:
            inputs:
                - location: https://raw.githubusercontent.com/codatio/oas/main/yaml/Codat-Sync-Expenses.yaml
            registry:
                location: registry.speakeasyapi.dev/codat/codat/sync-for-expenses-source
        sync-for-payables-source:
            inputs:
                - location: https://raw.githubusercontent.com/codatio/oas/main/yaml/Codat-Sync-Payables.yaml
            registry:
                location: registry.speakeasyapi.dev/codat/codat/sync-for-payables-source
        sync-for-payables-version-1-source:
            inputs:
                - location: https://raw.githubusercontent.com/codatio/oas/main/yaml/Codat-Sync-Payables-v1.yaml
            registry:
                location: registry.speakeasyapi.dev/codat/codat/sync-for-payables-version-1-source
        sync-for-payroll-source:
            inputs:
                - location: https://raw.githubusercontent.com/codatio/oas/main/yaml/Codat-Sync-Payroll.yaml
            registry:
                location: registry.speakeasyapi.dev/codat/codat/sync-for-payroll-source
    targets:
        bank-feeds-library:
            target: csharp
            source: bank-feeds-source
            output: bank-feeds
            publish:
                nuget:
                    apiKey: $nuget_api_key
            codeSamples:
                registry:
                    location: registry.speakeasyapi.dev/codat/codat/bank-feeds-source-code-samples
                blocking: false
        lending-library:
            target: csharp
            source: lending-source
            output: lending
            publish:
                nuget:
                    apiKey: $nuget_api_key
            codeSamples:
                registry:
                    location: registry.speakeasyapi.dev/codat/codat/lending-source-code-samples
                blocking: false
        platform-library:
            target: csharp
            source: platform-source
            output: platform
            publish:
                nuget:
                    apiKey: $nuget_api_key
            codeSamples:
                registry:
                    location: registry.speakeasyapi.dev/codat/codat/platform-source-code-samples
                blocking: false
        sync-for-commerce-library:
            target: csharp
            source: sync-for-commerce-source
            output: sync-for-commerce
            publish:
                nuget:
                    apiKey: $nuget_api_key
            codeSamples:
                registry:
                    location: registry.speakeasyapi.dev/codat/codat/sync-for-commerce-source-code-samples
                blocking: false
        sync-for-expenses-library:
            target: csharp
            source: sync-for-expenses-source
            output: sync-for-expenses
            publish:
                nuget:
                    apiKey: $nuget_api_key
            codeSamples:
                registry:
                    location: registry.speakeasyapi.dev/codat/codat/sync-for-expenses-source-code-samples
                blocking: false
        sync-for-payables-library:
            target: csharp
            source: sync-for-payables-source
            output: sync-for-payables
            publish:
                nuget:
                    apiKey: $nuget_api_key
            codeSamples:
                registry:
                    location: registry.speakeasyapi.dev/codat/codat/sync-for-payables-source-code-samples
                blocking: false
        sync-for-payables-version-1-library:
            target: csharp
            source: sync-for-payables-version-1-source
            output: previous-versions/sync-for-payables-version-1
            publish:
                nuget:
                    apiKey: $nuget_api_key
            codeSamples:
                registry:
                    location: registry.speakeasyapi.dev/codat/codat/sync-for-payables-version-1-source-code-samples
                blocking: false
        sync-for-payroll-library:
            target: csharp
            source: sync-for-payroll-source
            output: sync-for-payroll
            publish:
                nuget:
                    apiKey: $nuget_api_key
            codeSamples:
                registry:
                    location: registry.speakeasyapi.dev/codat/codat/sync-for-payroll-source-code-samples
                blocking: false
