lockVersion: 2.0.0
id: 18b9d064-aee3-46b6-b773-6d0ab95e296c
management:
  docChecksum: b84c137b488c9aa6b56fa6e53acdf2cc
  docVersion: prealpha
  speakeasyVersion: 1.244.2
  generationVersion: 2.301.3
  releaseVersion: 5.3.0
  configChecksum: bad107a511c277a733a0fa7b66a61de8
  repoURL: https://github.com/codatio/client-sdk-csharp.git
  repoSubDirectory: sync-for-expenses
  published: true
features:
  csharp:
    core: 3.7.0
    decimal: 0.1.0
    deprecations: 2.81.2
    examples: 2.81.3
    globalSecurity: 2.83.4
    globalServerURLs: 2.82.3
    inputOutputModels: 2.83.0
    nameOverrides: 2.81.2
    webhooks: 1.0.0
generatedFiles:
  - Codat/Sync/Expenses/Companies.cs
  - Codat/Sync/Expenses/Connections.cs
  - Codat/Sync/Expenses/Accounts.cs
  - Codat/Sync/Expenses/Customers.cs
  - Codat/Sync/Expenses/Suppliers.cs
  - Codat/Sync/Expenses/ManageData.cs
  - Codat/Sync/Expenses/PushOperations.cs
  - Codat/Sync/Expenses/Configuration.cs
  - Codat/Sync/Expenses/Expenses.cs
  - Codat/Sync/Expenses/Reimbursements.cs
  - Codat/Sync/Expenses/Sync.cs
  - Codat/Sync/Expenses/TransactionStatus.cs
  - Codat/Sync/Expenses/Attachments.cs
  - Codat/Sync/Expenses/Transfers.cs
  - Codat/Sync/Expenses/CodatSyncExpenses.cs
  - global.json
  - Codat.Sync.Expenses.sln
  - Codat/Sync/Expenses/Utils/AnyDeserializer.cs
  - Codat/Sync/Expenses/Utils/BigIntStrConverter.cs
  - Codat/Sync/Expenses/Utils/DecimalStrConverter.cs
  - Codat/Sync/Expenses/Utils/EnumConverter.cs
  - Codat/Sync/Expenses/Utils/FlexibleObjectDeserializer.cs
  - Codat/Sync/Expenses/Utils/HeaderSerializer.cs
  - Codat/Sync/Expenses/Utils/IsoDateTimeSerializer.cs
  - Codat/Sync/Expenses/Utils/RequestBodySerializer.cs
  - Codat/Sync/Expenses/Utils/ResponseBodyDeserializer.cs
  - Codat/Sync/Expenses/Utils/SecuritySerializer.cs
  - Codat/Sync/Expenses/Utils/SpeakeasyHttpClient.cs
  - Codat/Sync/Expenses/Utils/SpeakeasyMetadata.cs
  - Codat/Sync/Expenses/Utils/URLBuilder.cs
  - Codat/Sync/Expenses/Utils/Utilities.cs
  - Codat/Sync/Expenses/Codat.Sync.Expenses.csproj
  - Codat/Sync/Expenses/Models/Errors/SDKException.cs
  - Codat/Sync/Expenses/Models/Operations/CreateCompanyResponse.cs
  - Codat/Sync/Expenses/Models/Operations/DeleteCompanyRequest.cs
  - Codat/Sync/Expenses/Models/Operations/DeleteCompanyResponse.cs
  - Codat/Sync/Expenses/Models/Operations/GetCompanyRequest.cs
  - Codat/Sync/Expenses/Models/Operations/GetCompanyResponse.cs
  - Codat/Sync/Expenses/Models/Operations/ListCompaniesRequest.cs
  - Codat/Sync/Expenses/Models/Operations/ListCompaniesResponse.cs
  - Codat/Sync/Expenses/Models/Operations/UpdateCompanyRequest.cs
  - Codat/Sync/Expenses/Models/Operations/UpdateCompanyResponse.cs
  - Codat/Sync/Expenses/Models/Operations/CreateConnectionRequestBody.cs
  - Codat/Sync/Expenses/Models/Operations/CreateConnectionRequest.cs
  - Codat/Sync/Expenses/Models/Operations/CreateConnectionResponse.cs
  - Codat/Sync/Expenses/Models/Operations/CreatePartnerExpenseConnectionRequest.cs
  - Codat/Sync/Expenses/Models/Operations/CreatePartnerExpenseConnectionResponse.cs
  - Codat/Sync/Expenses/Models/Operations/DeleteConnectionRequest.cs
  - Codat/Sync/Expenses/Models/Operations/DeleteConnectionResponse.cs
  - Codat/Sync/Expenses/Models/Operations/GetConnectionRequest.cs
  - Codat/Sync/Expenses/Models/Operations/GetConnectionResponse.cs
  - Codat/Sync/Expenses/Models/Operations/ListConnectionsRequest.cs
  - Codat/Sync/Expenses/Models/Operations/ListConnectionsResponse.cs
  - Codat/Sync/Expenses/Models/Operations/UnlinkConnectionUpdateConnection.cs
  - Codat/Sync/Expenses/Models/Operations/UnlinkConnectionRequest.cs
  - Codat/Sync/Expenses/Models/Operations/UnlinkConnectionResponse.cs
  - Codat/Sync/Expenses/Models/Operations/CreateAccountRequest.cs
  - Codat/Sync/Expenses/Models/Operations/CreateAccountResponse.cs
  - Codat/Sync/Expenses/Models/Operations/GetCreateChartOfAccountsModelRequest.cs
  - Codat/Sync/Expenses/Models/Operations/GetCreateChartOfAccountsModelResponse.cs
  - Codat/Sync/Expenses/Models/Operations/CreateCustomerRequest.cs
  - Codat/Sync/Expenses/Models/Operations/CreateCustomerResponse.cs
  - Codat/Sync/Expenses/Models/Operations/GetCustomerRequest.cs
  - Codat/Sync/Expenses/Models/Operations/GetCustomerResponse.cs
  - Codat/Sync/Expenses/Models/Operations/ListCustomersRequest.cs
  - Codat/Sync/Expenses/Models/Operations/ListCustomersResponse.cs
  - Codat/Sync/Expenses/Models/Operations/UpdateCustomerRequest.cs
  - Codat/Sync/Expenses/Models/Operations/UpdateCustomerResponse.cs
  - Codat/Sync/Expenses/Models/Operations/CreateSupplierRequest.cs
  - Codat/Sync/Expenses/Models/Operations/CreateSupplierResponse.cs
  - Codat/Sync/Expenses/Models/Operations/GetSupplierRequest.cs
  - Codat/Sync/Expenses/Models/Operations/GetSupplierResponse.cs
  - Codat/Sync/Expenses/Models/Operations/ListSuppliersRequest.cs
  - Codat/Sync/Expenses/Models/Operations/ListSuppliersResponse.cs
  - Codat/Sync/Expenses/Models/Operations/UpdateSupplierRequest.cs
  - Codat/Sync/Expenses/Models/Operations/UpdateSupplierResponse.cs
  - Codat/Sync/Expenses/Models/Operations/GetDataStatusRequest.cs
  - Codat/Sync/Expenses/Models/Operations/GetDataStatusResponse.cs
  - Codat/Sync/Expenses/Models/Operations/GetPullOperationRequest.cs
  - Codat/Sync/Expenses/Models/Operations/GetPullOperationResponse.cs
  - Codat/Sync/Expenses/Models/Operations/ListPullOperationsRequest.cs
  - Codat/Sync/Expenses/Models/Operations/ListPullOperationsResponse.cs
  - Codat/Sync/Expenses/Models/Operations/RefreshAllDataTypesRequest.cs
  - Codat/Sync/Expenses/Models/Operations/RefreshAllDataTypesResponse.cs
  - Codat/Sync/Expenses/Models/Operations/RefreshDataTypeRequest.cs
  - Codat/Sync/Expenses/Models/Operations/RefreshDataTypeResponse.cs
  - Codat/Sync/Expenses/Models/Operations/GetPushOperationRequest.cs
  - Codat/Sync/Expenses/Models/Operations/GetPushOperationResponse.cs
  - Codat/Sync/Expenses/Models/Operations/ListPushOperationsRequest.cs
  - Codat/Sync/Expenses/Models/Operations/ListPushOperationsResponse.cs
  - Codat/Sync/Expenses/Models/Operations/GetCompanyConfigurationRequest.cs
  - Codat/Sync/Expenses/Models/Operations/GetCompanyConfigurationResponse.cs
  - Codat/Sync/Expenses/Models/Operations/GetMappingOptionsRequest.cs
  - Codat/Sync/Expenses/Models/Operations/GetMappingOptionsResponse.cs
  - Codat/Sync/Expenses/Models/Operations/SetCompanyConfigurationRequest.cs
  - Codat/Sync/Expenses/Models/Operations/SetCompanyConfigurationResponse.cs
  - Codat/Sync/Expenses/Models/Operations/CreateExpenseTransactionRequest.cs
  - Codat/Sync/Expenses/Models/Operations/CreateExpenseTransactionResponse.cs
  - Codat/Sync/Expenses/Models/Operations/UpdateExpenseTransactionRequest.cs
  - Codat/Sync/Expenses/Models/Operations/UpdateExpenseTransactionResponse.cs
  - Codat/Sync/Expenses/Models/Operations/CreateReimbursableExpenseTransactionRequest.cs
  - Codat/Sync/Expenses/Models/Operations/CreateReimbursableExpenseTransactionResponse.cs
  - Codat/Sync/Expenses/Models/Operations/UpdateReimbursableExpenseTransactionRequest.cs
  - Codat/Sync/Expenses/Models/Operations/UpdateReimbursableExpenseTransactionResponse.cs
  - Codat/Sync/Expenses/Models/Operations/GetSyncByIdRequest.cs
  - Codat/Sync/Expenses/Models/Operations/GetSyncByIdResponse.cs
  - Codat/Sync/Expenses/Models/Operations/GetLastSuccessfulSyncRequest.cs
  - Codat/Sync/Expenses/Models/Operations/GetLastSuccessfulSyncResponse.cs
  - Codat/Sync/Expenses/Models/Operations/GetLatestSyncRequest.cs
  - Codat/Sync/Expenses/Models/Operations/GetLatestSyncResponse.cs
  - Codat/Sync/Expenses/Models/Operations/InitiateSyncRequest.cs
  - Codat/Sync/Expenses/Models/Operations/InitiateSyncResponse.cs
  - Codat/Sync/Expenses/Models/Operations/ListSyncsRequest.cs
  - Codat/Sync/Expenses/Models/Operations/ListSyncsResponse.cs
  - Codat/Sync/Expenses/Models/Operations/GetSyncTransactionRequest.cs
  - Codat/Sync/Expenses/Models/Operations/GetSyncTransactionResponse.cs
  - Codat/Sync/Expenses/Models/Operations/ListSyncTransactionsRequest.cs
  - Codat/Sync/Expenses/Models/Operations/ListSyncTransactionsResponse.cs
  - Codat/Sync/Expenses/Models/Operations/UploadExpenseAttachmentRequest.cs
  - Codat/Sync/Expenses/Models/Operations/UploadExpenseAttachmentResponse.cs
  - Codat/Sync/Expenses/Models/Operations/CreateTransferTransactionRequest.cs
  - Codat/Sync/Expenses/Models/Operations/CreateTransferTransactionResponse.cs
  - Codat/Sync/Expenses/Models/Shared/GroupReference.cs
  - Codat/Sync/Expenses/Models/Shared/Company.cs
  - Codat/Sync/Expenses/Models/Shared/SourceType.cs
  - Codat/Sync/Expenses/Models/Shared/Connection.cs
  - Codat/Sync/Expenses/Models/Shared/DataConnectionStatus.cs
  - Codat/Sync/Expenses/Models/Shared/DataConnectionError.cs
  - Codat/Sync/Expenses/Models/Shared/ErrorValidation.cs
  - Codat/Sync/Expenses/Models/Shared/ErrorValidationItem.cs
  - Codat/Sync/Expenses/Models/Shared/CompanyRequestBody.cs
  - Codat/Sync/Expenses/Models/Shared/GroupItems.cs
  - Codat/Sync/Expenses/Models/Shared/Companies.cs
  - Codat/Sync/Expenses/Models/Shared/Links.cs
  - Codat/Sync/Expenses/Models/Shared/HalRef.cs
  - Codat/Sync/Expenses/Models/Shared/Connections.cs
  - Codat/Sync/Expenses/Models/Shared/CreateAccountResponseMetadata.cs
  - Codat/Sync/Expenses/Models/Shared/CreateAccountResponseValidDataTypeLinks.cs
  - Codat/Sync/Expenses/Models/Shared/AccountingAccount.cs
  - Codat/Sync/Expenses/Models/Shared/CreateAccountResponse.cs
  - Codat/Sync/Expenses/Models/Shared/Validation.cs
  - Codat/Sync/Expenses/Models/Shared/ValidationItem.cs
  - Codat/Sync/Expenses/Models/Shared/PushOperationStatus.cs
  - Codat/Sync/Expenses/Models/Shared/DataType.cs
  - Codat/Sync/Expenses/Models/Shared/AccountType.cs
  - Codat/Sync/Expenses/Models/Shared/SupplementalData.cs
  - Codat/Sync/Expenses/Models/Shared/AccountStatus.cs
  - Codat/Sync/Expenses/Models/Shared/PushOperationChange.cs
  - Codat/Sync/Expenses/Models/Shared/PushChangeType.cs
  - Codat/Sync/Expenses/Models/Shared/PushOperationRef.cs
  - Codat/Sync/Expenses/Models/Shared/ValidDataTypeLinks.cs
  - Codat/Sync/Expenses/Models/Shared/AccountPrototype.cs
  - Codat/Sync/Expenses/Models/Shared/PushOption.cs
  - Codat/Sync/Expenses/Models/Shared/PushValidationInfo.cs
  - Codat/Sync/Expenses/Models/Shared/PushFieldValidation.cs
  - Codat/Sync/Expenses/Models/Shared/PushOptionType.cs
  - Codat/Sync/Expenses/Models/Shared/PushOptionProperty.cs
  - Codat/Sync/Expenses/Models/Shared/PushOptionChoice.cs
  - Codat/Sync/Expenses/Models/Shared/CreateCustomerResponseAccountingAddress.cs
  - Codat/Sync/Expenses/Models/Shared/AccountingCustomer.cs
  - Codat/Sync/Expenses/Models/Shared/CreateCustomerResponse.cs
  - Codat/Sync/Expenses/Models/Shared/CustomerStatus.cs
  - Codat/Sync/Expenses/Models/Shared/Metadata.cs
  - Codat/Sync/Expenses/Models/Shared/Phone.cs
  - Codat/Sync/Expenses/Models/Shared/Contact.cs
  - Codat/Sync/Expenses/Models/Shared/PhoneNumberType.cs
  - Codat/Sync/Expenses/Models/Shared/Items.cs
  - Codat/Sync/Expenses/Models/Shared/AccountingAddressType.cs
  - Codat/Sync/Expenses/Models/Shared/AccountingAddress.cs
  - Codat/Sync/Expenses/Models/Shared/Customer.cs
  - Codat/Sync/Expenses/Models/Shared/Customers.cs
  - Codat/Sync/Expenses/Models/Shared/UpdateCustomerResponseAccountingAddress.cs
  - Codat/Sync/Expenses/Models/Shared/UpdateCustomerResponseAccountingCustomer.cs
  - Codat/Sync/Expenses/Models/Shared/UpdateCustomerResponse.cs
  - Codat/Sync/Expenses/Models/Shared/AccountingSupplier.cs
  - Codat/Sync/Expenses/Models/Shared/CreateSupplierResponse.cs
  - Codat/Sync/Expenses/Models/Shared/SupplierStatus.cs
  - Codat/Sync/Expenses/Models/Shared/Supplier.cs
  - Codat/Sync/Expenses/Models/Shared/Suppliers.cs
  - Codat/Sync/Expenses/Models/Shared/UpdateSupplierResponseAccountingSupplier.cs
  - Codat/Sync/Expenses/Models/Shared/UpdateSupplierResponse.cs
  - Codat/Sync/Expenses/Models/Shared/DataTypes.cs
  - Codat/Sync/Expenses/Models/Shared/DataStatus.cs
  - Codat/Sync/Expenses/Models/Shared/Status.cs
  - Codat/Sync/Expenses/Models/Shared/PullOperation.cs
  - Codat/Sync/Expenses/Models/Shared/PullOperations.cs
  - Codat/Sync/Expenses/Models/Shared/SchemaDataType.cs
  - Codat/Sync/Expenses/Models/Shared/PushOperation.cs
  - Codat/Sync/Expenses/Models/Shared/PushOperations.cs
  - Codat/Sync/Expenses/Models/Shared/CompanyConfiguration.cs
  - Codat/Sync/Expenses/Models/Shared/SupplierDetails.cs
  - Codat/Sync/Expenses/Models/Shared/CustomerDetails.cs
  - Codat/Sync/Expenses/Models/Shared/BankAccount.cs
  - Codat/Sync/Expenses/Models/Shared/MappingOptions.cs
  - Codat/Sync/Expenses/Models/Shared/TrackingCategoryMappingInfo.cs
  - Codat/Sync/Expenses/Models/Shared/TaxRateMappingInfoValidTransactionTypes.cs
  - Codat/Sync/Expenses/Models/Shared/TaxRateMappingInfo.cs
  - Codat/Sync/Expenses/Models/Shared/AccountMappingInfoAccountType.cs
  - Codat/Sync/Expenses/Models/Shared/ValidTransactionTypes.cs
  - Codat/Sync/Expenses/Models/Shared/AccountMappingInfo.cs
  - Codat/Sync/Expenses/Models/Shared/CreateExpenseResponse.cs
  - Codat/Sync/Expenses/Models/Shared/CreateExpenseRequest.cs
  - Codat/Sync/Expenses/Models/Shared/ExpenseTransactionBankAccountReference.cs
  - Codat/Sync/Expenses/Models/Shared/ExpenseTransactionType.cs
  - Codat/Sync/Expenses/Models/Shared/ExpenseTransaction.cs
  - Codat/Sync/Expenses/Models/Shared/ExpenseTransactionLine.cs
  - Codat/Sync/Expenses/Models/Shared/TrackingRefDataType.cs
  - Codat/Sync/Expenses/Models/Shared/TrackingRef.cs
  - Codat/Sync/Expenses/Models/Shared/RecordRef.cs
  - Codat/Sync/Expenses/Models/Shared/InvoiceToDataType.cs
  - Codat/Sync/Expenses/Models/Shared/InvoiceTo.cs
  - Codat/Sync/Expenses/Models/Shared/Type.cs
  - Codat/Sync/Expenses/Models/Shared/ContactRef.cs
  - Codat/Sync/Expenses/Models/Shared/UpdateExpenseResponse.cs
  - Codat/Sync/Expenses/Models/Shared/UpdateExpenseRequestBankAccountReference.cs
  - Codat/Sync/Expenses/Models/Shared/UpdateExpenseRequest.cs
  - Codat/Sync/Expenses/Models/Shared/CreateReimbursableExpenseResponse.cs
  - Codat/Sync/Expenses/Models/Shared/CreateReimbursableExpenseRequest.cs
  - Codat/Sync/Expenses/Models/Shared/BankAccountReference.cs
  - Codat/Sync/Expenses/Models/Shared/ReimbursableExpenseTransaction.cs
  - Codat/Sync/Expenses/Models/Shared/ReimbursableExpenseTransactionLine.cs
  - Codat/Sync/Expenses/Models/Shared/CompanySyncStatus.cs
  - Codat/Sync/Expenses/Models/Shared/SyncInitiated.cs
  - Codat/Sync/Expenses/Models/Shared/InitiateSync.cs
  - Codat/Sync/Expenses/Models/Shared/Transaction.cs
  - Codat/Sync/Expenses/Models/Shared/TransactionStatus.cs
  - Codat/Sync/Expenses/Models/Shared/IntegrationType.cs
  - Codat/Sync/Expenses/Models/Shared/Transactions.cs
  - Codat/Sync/Expenses/Models/Shared/Attachment.cs
  - Codat/Sync/Expenses/Models/Shared/AttachmentUpload.cs
  - Codat/Sync/Expenses/Models/Shared/CodatFile.cs
  - Codat/Sync/Expenses/Models/Shared/CreateTransferResponse.cs
  - Codat/Sync/Expenses/Models/Shared/CreateTransferRequest.cs
  - Codat/Sync/Expenses/Models/Shared/TransferDetails.cs
  - Codat/Sync/Expenses/Models/Shared/AccountRef.cs
  - Codat/Sync/Expenses/Models/Shared/Security.cs
  - Codat/Sync/Expenses/Models/Shared/ClientRateLimitReachedWebhook.cs
  - Codat/Sync/Expenses/Models/Shared/ClientRateLimitReachedWebhookData.cs
  - Codat/Sync/Expenses/Models/Shared/ClientRateLimitResetWebhook.cs
  - Codat/Sync/Expenses/Models/Shared/ClientRateLimitResetWebhookData.cs
  - Codat/Sync/Expenses/Models/Shared/SyncCompleteWebhook.cs
  - Codat/Sync/Expenses/Models/Shared/SyncCompleteWebhookData.cs
  - Codat/Sync/Expenses/Models/Shared/SyncFailedWebhook.cs
  - Codat/Sync/Expenses/Models/Shared/SyncFailedWebhookData.cs
  - Codat/Sync/Expenses/Models/Shared/Data.cs
  - Codat/Sync/Expenses/Models/Shared/SyncStartedWebhook.cs
  - Codat/Sync/Expenses/Models/Errors/ErrorMessage.cs
  - Codat/Sync/Expenses/Models/Webhooks/ClientRateLimitReachedResponse.cs
  - Codat/Sync/Expenses/Models/Webhooks/ClientRateLimitResetResponse.cs
  - Codat/Sync/Expenses/Models/Webhooks/SyncCompleteResponse.cs
  - Codat/Sync/Expenses/Models/Webhooks/SyncFailedResponse.cs
  - Codat/Sync/Expenses/Models/Webhooks/SyncStartedResponse.cs
  - docs/Models/Operations/CreateCompanyResponse.md
  - docs/Models/Operations/DeleteCompanyRequest.md
  - docs/Models/Operations/DeleteCompanyResponse.md
  - docs/Models/Operations/GetCompanyRequest.md
  - docs/Models/Operations/GetCompanyResponse.md
  - docs/Models/Operations/ListCompaniesRequest.md
  - docs/Models/Operations/ListCompaniesResponse.md
  - docs/Models/Operations/UpdateCompanyRequest.md
  - docs/Models/Operations/UpdateCompanyResponse.md
  - docs/Models/Operations/CreateConnectionRequestBody.md
  - docs/Models/Operations/CreateConnectionRequest.md
  - docs/Models/Operations/CreateConnectionResponse.md
  - docs/Models/Operations/CreatePartnerExpenseConnectionRequest.md
  - docs/Models/Operations/CreatePartnerExpenseConnectionResponse.md
  - docs/Models/Operations/DeleteConnectionRequest.md
  - docs/Models/Operations/DeleteConnectionResponse.md
  - docs/Models/Operations/GetConnectionRequest.md
  - docs/Models/Operations/GetConnectionResponse.md
  - docs/Models/Operations/ListConnectionsRequest.md
  - docs/Models/Operations/ListConnectionsResponse.md
  - docs/Models/Operations/UnlinkConnectionUpdateConnection.md
  - docs/Models/Operations/UnlinkConnectionRequest.md
  - docs/Models/Operations/UnlinkConnectionResponse.md
  - docs/Models/Operations/CreateAccountRequest.md
  - docs/Models/Operations/CreateAccountResponse.md
  - docs/Models/Operations/GetCreateChartOfAccountsModelRequest.md
  - docs/Models/Operations/GetCreateChartOfAccountsModelResponse.md
  - docs/Models/Operations/CreateCustomerRequest.md
  - docs/Models/Operations/CreateCustomerResponse.md
  - docs/Models/Operations/GetCustomerRequest.md
  - docs/Models/Operations/GetCustomerResponse.md
  - docs/Models/Operations/ListCustomersRequest.md
  - docs/Models/Operations/ListCustomersResponse.md
  - docs/Models/Operations/UpdateCustomerRequest.md
  - docs/Models/Operations/UpdateCustomerResponse.md
  - docs/Models/Operations/CreateSupplierRequest.md
  - docs/Models/Operations/CreateSupplierResponse.md
  - docs/Models/Operations/GetSupplierRequest.md
  - docs/Models/Operations/GetSupplierResponse.md
  - docs/Models/Operations/ListSuppliersRequest.md
  - docs/Models/Operations/ListSuppliersResponse.md
  - docs/Models/Operations/UpdateSupplierRequest.md
  - docs/Models/Operations/UpdateSupplierResponse.md
  - docs/Models/Operations/GetDataStatusRequest.md
  - docs/Models/Operations/GetDataStatusResponse.md
  - docs/Models/Operations/GetPullOperationRequest.md
  - docs/Models/Operations/GetPullOperationResponse.md
  - docs/Models/Operations/ListPullOperationsRequest.md
  - docs/Models/Operations/ListPullOperationsResponse.md
  - docs/Models/Operations/RefreshAllDataTypesRequest.md
  - docs/Models/Operations/RefreshAllDataTypesResponse.md
  - docs/Models/Operations/RefreshDataTypeRequest.md
  - docs/Models/Operations/RefreshDataTypeResponse.md
  - docs/Models/Operations/GetPushOperationRequest.md
  - docs/Models/Operations/GetPushOperationResponse.md
  - docs/Models/Operations/ListPushOperationsRequest.md
  - docs/Models/Operations/ListPushOperationsResponse.md
  - docs/Models/Operations/GetCompanyConfigurationRequest.md
  - docs/Models/Operations/GetCompanyConfigurationResponse.md
  - docs/Models/Operations/GetMappingOptionsRequest.md
  - docs/Models/Operations/GetMappingOptionsResponse.md
  - docs/Models/Operations/SetCompanyConfigurationRequest.md
  - docs/Models/Operations/SetCompanyConfigurationResponse.md
  - docs/Models/Operations/CreateExpenseTransactionRequest.md
  - docs/Models/Operations/CreateExpenseTransactionResponse.md
  - docs/Models/Operations/UpdateExpenseTransactionRequest.md
  - docs/Models/Operations/UpdateExpenseTransactionResponse.md
  - docs/Models/Operations/CreateReimbursableExpenseTransactionRequest.md
  - docs/Models/Operations/CreateReimbursableExpenseTransactionResponse.md
  - docs/Models/Operations/UpdateReimbursableExpenseTransactionRequest.md
  - docs/Models/Operations/UpdateReimbursableExpenseTransactionResponse.md
  - docs/Models/Operations/GetSyncByIdRequest.md
  - docs/Models/Operations/GetSyncByIdResponse.md
  - docs/Models/Operations/GetLastSuccessfulSyncRequest.md
  - docs/Models/Operations/GetLastSuccessfulSyncResponse.md
  - docs/Models/Operations/GetLatestSyncRequest.md
  - docs/Models/Operations/GetLatestSyncResponse.md
  - docs/Models/Operations/InitiateSyncRequest.md
  - docs/Models/Operations/InitiateSyncResponse.md
  - docs/Models/Operations/ListSyncsRequest.md
  - docs/Models/Operations/ListSyncsResponse.md
  - docs/Models/Operations/GetSyncTransactionRequest.md
  - docs/Models/Operations/GetSyncTransactionResponse.md
  - docs/Models/Operations/ListSyncTransactionsRequest.md
  - docs/Models/Operations/ListSyncTransactionsResponse.md
  - docs/Models/Operations/UploadExpenseAttachmentRequest.md
  - docs/Models/Operations/UploadExpenseAttachmentResponse.md
  - docs/Models/Operations/CreateTransferTransactionRequest.md
  - docs/Models/Operations/CreateTransferTransactionResponse.md
  - docs/Models/Shared/GroupReference.md
  - docs/Models/Shared/Company.md
  - docs/Models/Shared/SourceType.md
  - docs/Models/Shared/Connection.md
  - docs/Models/Shared/DataConnectionStatus.md
  - docs/Models/Shared/DataConnectionError.md
  - docs/Models/Shared/ErrorValidation.md
  - docs/Models/Shared/ErrorValidationItem.md
  - docs/Models/Shared/CompanyRequestBody.md
  - docs/Models/Shared/GroupItems.md
  - docs/Models/Shared/Companies.md
  - docs/Models/Shared/Links.md
  - docs/Models/Shared/HalRef.md
  - docs/Models/Shared/Connections.md
  - docs/Models/Shared/CreateAccountResponseMetadata.md
  - docs/Models/Shared/CreateAccountResponseValidDataTypeLinks.md
  - docs/Models/Shared/AccountingAccount.md
  - docs/Models/Shared/CreateAccountResponse.md
  - docs/Models/Shared/Validation.md
  - docs/Models/Shared/ValidationItem.md
  - docs/Models/Shared/PushOperationStatus.md
  - docs/Models/Shared/DataType.md
  - docs/Models/Shared/AccountType.md
  - docs/Models/Shared/SupplementalData.md
  - docs/Models/Shared/AccountStatus.md
  - docs/Models/Shared/PushOperationChange.md
  - docs/Models/Shared/PushChangeType.md
  - docs/Models/Shared/PushOperationRef.md
  - docs/Models/Shared/ValidDataTypeLinks.md
  - docs/Models/Shared/AccountPrototype.md
  - docs/Models/Shared/PushOption.md
  - docs/Models/Shared/PushValidationInfo.md
  - docs/Models/Shared/PushFieldValidation.md
  - docs/Models/Shared/PushOptionType.md
  - docs/Models/Shared/PushOptionProperty.md
  - docs/Models/Shared/PushOptionChoice.md
  - docs/Models/Shared/CreateCustomerResponseAccountingAddress.md
  - docs/Models/Shared/AccountingCustomer.md
  - docs/Models/Shared/CreateCustomerResponse.md
  - docs/Models/Shared/CustomerStatus.md
  - docs/Models/Shared/Metadata.md
  - docs/Models/Shared/Phone.md
  - docs/Models/Shared/Contact.md
  - docs/Models/Shared/PhoneNumberType.md
  - docs/Models/Shared/Items.md
  - docs/Models/Shared/AccountingAddressType.md
  - docs/Models/Shared/AccountingAddress.md
  - docs/Models/Shared/Customer.md
  - docs/Models/Shared/Customers.md
  - docs/Models/Shared/UpdateCustomerResponseAccountingAddress.md
  - docs/Models/Shared/UpdateCustomerResponseAccountingCustomer.md
  - docs/Models/Shared/UpdateCustomerResponse.md
  - docs/Models/Shared/AccountingSupplier.md
  - docs/Models/Shared/CreateSupplierResponse.md
  - docs/Models/Shared/SupplierStatus.md
  - docs/Models/Shared/Supplier.md
  - docs/Models/Shared/Suppliers.md
  - docs/Models/Shared/UpdateSupplierResponseAccountingSupplier.md
  - docs/Models/Shared/UpdateSupplierResponse.md
  - docs/Models/Shared/DataTypes.md
  - docs/Models/Shared/DataStatus.md
  - docs/Models/Shared/Status.md
  - docs/Models/Shared/PullOperation.md
  - docs/Models/Shared/PullOperations.md
  - docs/Models/Shared/SchemaDataType.md
  - docs/Models/Shared/PushOperation.md
  - docs/Models/Shared/PushOperations.md
  - docs/Models/Shared/CompanyConfiguration.md
  - docs/Models/Shared/SupplierDetails.md
  - docs/Models/Shared/CustomerDetails.md
  - docs/Models/Shared/BankAccount.md
  - docs/Models/Shared/MappingOptions.md
  - docs/Models/Shared/TrackingCategoryMappingInfo.md
  - docs/Models/Shared/TaxRateMappingInfoValidTransactionTypes.md
  - docs/Models/Shared/TaxRateMappingInfo.md
  - docs/Models/Shared/AccountMappingInfoAccountType.md
  - docs/Models/Shared/ValidTransactionTypes.md
  - docs/Models/Shared/AccountMappingInfo.md
  - docs/Models/Shared/CreateExpenseResponse.md
  - docs/Models/Shared/CreateExpenseRequest.md
  - docs/Models/Shared/ExpenseTransactionBankAccountReference.md
  - docs/Models/Shared/ExpenseTransactionType.md
  - docs/Models/Shared/ExpenseTransaction.md
  - docs/Models/Shared/ExpenseTransactionLine.md
  - docs/Models/Shared/TrackingRefDataType.md
  - docs/Models/Shared/TrackingRef.md
  - docs/Models/Shared/RecordRef.md
  - docs/Models/Shared/InvoiceToDataType.md
  - docs/Models/Shared/InvoiceTo.md
  - docs/Models/Shared/Type.md
  - docs/Models/Shared/ContactRef.md
  - docs/Models/Shared/UpdateExpenseResponse.md
  - docs/Models/Shared/UpdateExpenseRequestBankAccountReference.md
  - docs/Models/Shared/UpdateExpenseRequest.md
  - docs/Models/Shared/CreateReimbursableExpenseResponse.md
  - docs/Models/Shared/CreateReimbursableExpenseRequest.md
  - docs/Models/Shared/BankAccountReference.md
  - docs/Models/Shared/ReimbursableExpenseTransaction.md
  - docs/Models/Shared/ReimbursableExpenseTransactionLine.md
  - docs/Models/Shared/CompanySyncStatus.md
  - docs/Models/Shared/SyncInitiated.md
  - docs/Models/Shared/InitiateSync.md
  - docs/Models/Shared/Transaction.md
  - docs/Models/Shared/TransactionStatus.md
  - docs/Models/Shared/IntegrationType.md
  - docs/Models/Shared/Transactions.md
  - docs/Models/Shared/Attachment.md
  - docs/Models/Shared/AttachmentUpload.md
  - docs/Models/Shared/CodatFile.md
  - docs/Models/Shared/CreateTransferResponse.md
  - docs/Models/Shared/CreateTransferRequest.md
  - docs/Models/Shared/TransferDetails.md
  - docs/Models/Shared/AccountRef.md
  - docs/Models/Shared/Security.md
  - docs/Models/Shared/ClientRateLimitReachedWebhook.md
  - docs/Models/Shared/ClientRateLimitReachedWebhookData.md
  - docs/Models/Shared/ClientRateLimitResetWebhook.md
  - docs/Models/Shared/ClientRateLimitResetWebhookData.md
  - docs/Models/Shared/SyncCompleteWebhook.md
  - docs/Models/Shared/SyncCompleteWebhookData.md
  - docs/Models/Shared/SyncFailedWebhook.md
  - docs/Models/Shared/SyncFailedWebhookData.md
  - docs/Models/Shared/Data.md
  - docs/Models/Shared/SyncStartedWebhook.md
  - docs/Models/Errors/ErrorMessage.md
  - docs/Models/Webhooks/ClientRateLimitReachedResponse.md
  - docs/Models/Webhooks/ClientRateLimitResetResponse.md
  - docs/Models/Webhooks/SyncCompleteResponse.md
  - docs/Models/Webhooks/SyncFailedResponse.md
  - docs/Models/Webhooks/SyncStartedResponse.md
  - docs/sdks/codatsyncexpenses/README.md
  - docs/sdks/companies/README.md
  - docs/sdks/connections/README.md
  - docs/sdks/accounts/README.md
  - docs/sdks/customers/README.md
  - docs/sdks/suppliers/README.md
  - docs/sdks/managedata/README.md
  - docs/sdks/pushoperations/README.md
  - docs/sdks/configuration/README.md
  - docs/sdks/expenses/README.md
  - docs/sdks/reimbursements/README.md
  - docs/sdks/sync/README.md
  - docs/sdks/transactionstatus/README.md
  - docs/sdks/attachments/README.md
  - docs/sdks/transfers/README.md
  - USAGE.md
  - .gitattributes
