lockVersion: 2.0.0
id: 0e14a69b-dba1-4c0f-85f5-3b5d7f7f7731
management:
  docChecksum: 5449a4fd5256a871748750f2a89b14d0
  docVersion: 3.0.0
  speakeasyVersion: 1.277.6
  generationVersion: 2.319.7
  releaseVersion: 4.3.0
  configChecksum: 0ed2052916b7c28b2618ebed840a98f1
  repoURL: https://github.com/codatio/client-sdk-csharp.git
  repoSubDirectory: bank-feeds
  published: true
features:
  csharp:
    constsAndDefaults: 0.0.1
    core: 3.8.2
    decimal: 0.1.0
    deprecations: 2.81.2
    examples: 2.81.3
    globalSecurity: 2.83.4
    globalServerURLs: 2.82.3
    inputOutputModels: 2.83.0
    nameOverrides: 2.81.2
    responseFormat: 0.0.2
    webhooks: 1.0.0
generatedFiles:
  - Codat/BankFeeds/Companies.cs
  - Codat/BankFeeds/Connections.cs
  - Codat/BankFeeds/AccountMapping.cs
  - Codat/BankFeeds/CompanyInformation.cs
  - Codat/BankFeeds/SourceAccounts.cs
  - Codat/BankFeeds/BankAccounts.cs
  - Codat/BankFeeds/Transactions.cs
  - Codat/BankFeeds/Configuration.cs
  - Codat/BankFeeds/CodatBankFeeds.cs
  - global.json
  - Codat.BankFeeds.sln
  - Codat/BankFeeds/Utils/AnyDeserializer.cs
  - Codat/BankFeeds/Utils/BigIntStrConverter.cs
  - Codat/BankFeeds/Utils/DecimalStrConverter.cs
  - Codat/BankFeeds/Utils/EnumConverter.cs
  - Codat/BankFeeds/Utils/FlexibleObjectDeserializer.cs
  - Codat/BankFeeds/Utils/HeaderSerializer.cs
  - Codat/BankFeeds/Utils/IsoDateTimeSerializer.cs
  - Codat/BankFeeds/Utils/RequestBodySerializer.cs
  - Codat/BankFeeds/Utils/ResponseBodyDeserializer.cs
  - Codat/BankFeeds/Utils/SecurityMetadata.cs
  - Codat/BankFeeds/Utils/SpeakeasyHttpClient.cs
  - Codat/BankFeeds/Utils/SpeakeasyMetadata.cs
  - Codat/BankFeeds/Utils/URLBuilder.cs
  - Codat/BankFeeds/Utils/Utilities.cs
  - Codat/BankFeeds/Codat.BankFeeds.csproj
  - Codat/BankFeeds/Models/Errors/SDKException.cs
  - Codat/BankFeeds/Models/Operations/CreateCompanyResponse.cs
  - Codat/BankFeeds/Models/Operations/DeleteCompanyRequest.cs
  - Codat/BankFeeds/Models/Operations/DeleteCompanyResponse.cs
  - Codat/BankFeeds/Models/Operations/GetCompanyRequest.cs
  - Codat/BankFeeds/Models/Operations/GetCompanyResponse.cs
  - Codat/BankFeeds/Models/Operations/ListCompaniesRequest.cs
  - Codat/BankFeeds/Models/Operations/ListCompaniesResponse.cs
  - Codat/BankFeeds/Models/Operations/UpdateCompanyRequest.cs
  - Codat/BankFeeds/Models/Operations/UpdateCompanyResponse.cs
  - Codat/BankFeeds/Models/Operations/CreateConnectionRequestBody.cs
  - Codat/BankFeeds/Models/Operations/CreateConnectionRequest.cs
  - Codat/BankFeeds/Models/Operations/CreateConnectionResponse.cs
  - Codat/BankFeeds/Models/Operations/DeleteConnectionRequest.cs
  - Codat/BankFeeds/Models/Operations/DeleteConnectionResponse.cs
  - Codat/BankFeeds/Models/Operations/GetConnectionRequest.cs
  - Codat/BankFeeds/Models/Operations/GetConnectionResponse.cs
  - Codat/BankFeeds/Models/Operations/ListConnectionsRequest.cs
  - Codat/BankFeeds/Models/Operations/ListConnectionsResponse.cs
  - Codat/BankFeeds/Models/Operations/UnlinkConnectionUpdateConnection.cs
  - Codat/BankFeeds/Models/Operations/UnlinkConnectionRequest.cs
  - Codat/BankFeeds/Models/Operations/UnlinkConnectionResponse.cs
  - Codat/BankFeeds/Models/Operations/CreateBankAccountMappingRequest.cs
  - Codat/BankFeeds/Models/Operations/CreateBankAccountMappingResponse.cs
  - Codat/BankFeeds/Models/Operations/GetBankAccountMappingRequest.cs
  - Codat/BankFeeds/Models/Operations/GetBankAccountMappingResponse.cs
  - Codat/BankFeeds/Models/Operations/GetCompanyInformationRequest.cs
  - Codat/BankFeeds/Models/Operations/GetCompanyInformationResponse.cs
  - Codat/BankFeeds/Models/Operations/CreateSourceAccountRequest.cs
  - Codat/BankFeeds/Models/Operations/CreateSourceAccountResponse.cs
  - Codat/BankFeeds/Models/Operations/DeleteSourceAccountRequest.cs
  - Codat/BankFeeds/Models/Operations/DeleteSourceAccountResponse.cs
  - Codat/BankFeeds/Models/Operations/DeleteBankFeedCredentialsRequest.cs
  - Codat/BankFeeds/Models/Operations/DeleteBankFeedCredentialsResponse.cs
  - Codat/BankFeeds/Models/Operations/GenerateCredentialsRequest.cs
  - Codat/BankFeeds/Models/Operations/GenerateCredentialsResponse.cs
  - Codat/BankFeeds/Models/Operations/ListSourceAccountsRequest.cs
  - Codat/BankFeeds/Models/Operations/ListSourceAccountsResponse.cs
  - Codat/BankFeeds/Models/Operations/UpdateSourceAccountRequest.cs
  - Codat/BankFeeds/Models/Operations/UpdateSourceAccountResponse.cs
  - Codat/BankFeeds/Models/Operations/CreateBankAccountRequest.cs
  - Codat/BankFeeds/Models/Operations/CreateBankAccountResponse.cs
  - Codat/BankFeeds/Models/Operations/GetCreateBankAccountsModelRequest.cs
  - Codat/BankFeeds/Models/Operations/GetCreateBankAccountsModelResponse.cs
  - Codat/BankFeeds/Models/Operations/ListBankAccountsRequest.cs
  - Codat/BankFeeds/Models/Operations/ListBankAccountsResponse.cs
  - Codat/BankFeeds/Models/Operations/CreateBankTransactionsRequest.cs
  - Codat/BankFeeds/Models/Operations/CreateBankTransactionsResponse.cs
  - Codat/BankFeeds/Models/Operations/GetCreateOperationRequest.cs
  - Codat/BankFeeds/Models/Operations/GetCreateOperationResponse.cs
  - Codat/BankFeeds/Models/Operations/ListCreateOperationsRequest.cs
  - Codat/BankFeeds/Models/Operations/ListCreateOperationsResponse.cs
  - Codat/BankFeeds/Models/Operations/GetConfigurationRequest.cs
  - Codat/BankFeeds/Models/Operations/GetConfigurationResponse.cs
  - Codat/BankFeeds/Models/Operations/SetConfigurationRequest.cs
  - Codat/BankFeeds/Models/Operations/SetConfigurationResponse.cs
  - Codat/BankFeeds/Models/Shared/Zero.cs
  - Codat/BankFeeds/Models/Shared/GroupReference.cs
  - Codat/BankFeeds/Models/Shared/Company.cs
  - Codat/BankFeeds/Models/Shared/SourceType.cs
  - Codat/BankFeeds/Models/Shared/Connection.cs
  - Codat/BankFeeds/Models/Shared/DataConnectionStatus.cs
  - Codat/BankFeeds/Models/Shared/DataConnectionError.cs
  - Codat/BankFeeds/Models/Shared/ErrorValidation.cs
  - Codat/BankFeeds/Models/Shared/ErrorValidationItem.cs
  - Codat/BankFeeds/Models/Shared/CompanyRequestBody.cs
  - Codat/BankFeeds/Models/Shared/Items.cs
  - Codat/BankFeeds/Models/Shared/Companies.cs
  - Codat/BankFeeds/Models/Shared/Links.cs
  - Codat/BankFeeds/Models/Shared/HalRef.cs
  - Codat/BankFeeds/Models/Shared/Connections.cs
  - Codat/BankFeeds/Models/Shared/BankFeedAccountMappingResponse.cs
  - Codat/BankFeeds/Models/Shared/BankFeedMapping.cs
  - Codat/BankFeeds/Models/Shared/TargetAccountOption.cs
  - Codat/BankFeeds/Models/Shared/CompanyInformation.cs
  - Codat/BankFeeds/Models/Shared/Status.cs
  - Codat/BankFeeds/Models/Shared/SourceAccount.cs
  - Codat/BankFeeds/Models/Shared/BankAccountCredentials.cs
  - Codat/BankFeeds/Models/Shared/BankAccountCreateResponseBankAccountType.cs
  - Codat/BankFeeds/Models/Shared/Metadata.cs
  - Codat/BankFeeds/Models/Shared/SupplementalData.cs
  - Codat/BankFeeds/Models/Shared/AccountingBankAccount.cs
  - Codat/BankFeeds/Models/Shared/BankAccountCreateResponse.cs
  - Codat/BankFeeds/Models/Shared/Validation.cs
  - Codat/BankFeeds/Models/Shared/ValidationItem.cs
  - Codat/BankFeeds/Models/Shared/PushOperationStatus.cs
  - Codat/BankFeeds/Models/Shared/DataType.cs
  - Codat/BankFeeds/Models/Shared/PushOperationChange.cs
  - Codat/BankFeeds/Models/Shared/PushChangeType.cs
  - Codat/BankFeeds/Models/Shared/PushOperationRef.cs
  - Codat/BankFeeds/Models/Shared/BankAccountType.cs
  - Codat/BankFeeds/Models/Shared/BankAccountPrototype.cs
  - Codat/BankFeeds/Models/Shared/PushOption.cs
  - Codat/BankFeeds/Models/Shared/PushValidationInfo.cs
  - Codat/BankFeeds/Models/Shared/PushFieldValidation.cs
  - Codat/BankFeeds/Models/Shared/PushOptionType.cs
  - Codat/BankFeeds/Models/Shared/PushOptionProperty.cs
  - Codat/BankFeeds/Models/Shared/PushOptionChoice.cs
  - Codat/BankFeeds/Models/Shared/BankAccountsBankAccountType.cs
  - Codat/BankFeeds/Models/Shared/BankAccountsMetadata.cs
  - Codat/BankFeeds/Models/Shared/BankAccountsSupplementalData.cs
  - Codat/BankFeeds/Models/Shared/BankAccountsAccountingBankAccount.cs
  - Codat/BankFeeds/Models/Shared/BankAccounts.cs
  - Codat/BankFeeds/Models/Shared/CreateBankTransactionsResponse.cs
  - Codat/BankFeeds/Models/Shared/CreateBankTransactions.cs
  - Codat/BankFeeds/Models/Shared/BankTransactionType.cs
  - Codat/BankFeeds/Models/Shared/BankTransactions.cs
  - Codat/BankFeeds/Models/Shared/PushOperation.cs
  - Codat/BankFeeds/Models/Shared/PushOperations.cs
  - Codat/BankFeeds/Models/Shared/Configuration.cs
  - Codat/BankFeeds/Models/Shared/ConfigurationSchedule.cs
  - Codat/BankFeeds/Models/Shared/SyncConfiguration.cs
  - Codat/BankFeeds/Models/Shared/SyncAsExpenses.cs
  - Codat/BankFeeds/Models/Shared/ConfigurationSupplier.cs
  - Codat/BankFeeds/Models/Shared/ConfigurationContactRef.cs
  - Codat/BankFeeds/Models/Shared/ConfigurationCustomer.cs
  - Codat/BankFeeds/Models/Shared/BankAccountOption.cs
  - Codat/BankFeeds/Models/Shared/SyncAsBankFeeds.cs
  - Codat/BankFeeds/Models/Shared/Security.cs
  - Codat/BankFeeds/Models/Shared/ClientRateLimitReachedWebhook.cs
  - Codat/BankFeeds/Models/Shared/ClientRateLimitReachedWebhookData.cs
  - Codat/BankFeeds/Models/Shared/ClientRateLimitResetWebhook.cs
  - Codat/BankFeeds/Models/Shared/ClientRateLimitResetWebhookData.cs
  - Codat/BankFeeds/Models/Shared/SourceAccountWebhook.cs
  - Codat/BankFeeds/Models/Shared/SourceAccountWebhookPayload.cs
  - Codat/BankFeeds/Models/Errors/ErrorMessage.cs
  - Codat/BankFeeds/Models/Webhooks/ClientRateLimitReachedResponse.cs
  - Codat/BankFeeds/Models/Webhooks/ClientRateLimitResetResponse.cs
  - Codat/BankFeeds/Models/Webhooks/BankFeedsSourceAccountConnectedResponse.cs
  - Codat/BankFeeds/Models/Webhooks/BankFeedsSourceAccountDisconnectedResponse.cs
  - docs/Models/Operations/CreateCompanyResponse.md
  - docs/Models/Operations/DeleteCompanyRequest.md
  - docs/Models/Operations/DeleteCompanyResponse.md
  - docs/Models/Operations/GetCompanyRequest.md
  - docs/Models/Operations/GetCompanyResponse.md
  - docs/Models/Operations/ListCompaniesRequest.md
  - docs/Models/Operations/ListCompaniesResponse.md
  - docs/Models/Operations/UpdateCompanyRequest.md
  - docs/Models/Operations/UpdateCompanyResponse.md
  - docs/Models/Operations/CreateConnectionRequestBody.md
  - docs/Models/Operations/CreateConnectionRequest.md
  - docs/Models/Operations/CreateConnectionResponse.md
  - docs/Models/Operations/DeleteConnectionRequest.md
  - docs/Models/Operations/DeleteConnectionResponse.md
  - docs/Models/Operations/GetConnectionRequest.md
  - docs/Models/Operations/GetConnectionResponse.md
  - docs/Models/Operations/ListConnectionsRequest.md
  - docs/Models/Operations/ListConnectionsResponse.md
  - docs/Models/Operations/UnlinkConnectionUpdateConnection.md
  - docs/Models/Operations/UnlinkConnectionRequest.md
  - docs/Models/Operations/UnlinkConnectionResponse.md
  - docs/Models/Operations/CreateBankAccountMappingRequest.md
  - docs/Models/Operations/CreateBankAccountMappingResponse.md
  - docs/Models/Operations/GetBankAccountMappingRequest.md
  - docs/Models/Operations/GetBankAccountMappingResponse.md
  - docs/Models/Operations/GetCompanyInformationRequest.md
  - docs/Models/Operations/GetCompanyInformationResponse.md
  - docs/Models/Operations/CreateSourceAccountRequest.md
  - docs/Models/Operations/CreateSourceAccountResponse.md
  - docs/Models/Operations/DeleteSourceAccountRequest.md
  - docs/Models/Operations/DeleteSourceAccountResponse.md
  - docs/Models/Operations/DeleteBankFeedCredentialsRequest.md
  - docs/Models/Operations/DeleteBankFeedCredentialsResponse.md
  - docs/Models/Operations/GenerateCredentialsRequest.md
  - docs/Models/Operations/GenerateCredentialsResponse.md
  - docs/Models/Operations/ListSourceAccountsRequest.md
  - docs/Models/Operations/ListSourceAccountsResponse.md
  - docs/Models/Operations/UpdateSourceAccountRequest.md
  - docs/Models/Operations/UpdateSourceAccountResponse.md
  - docs/Models/Operations/CreateBankAccountRequest.md
  - docs/Models/Operations/CreateBankAccountResponse.md
  - docs/Models/Operations/GetCreateBankAccountsModelRequest.md
  - docs/Models/Operations/GetCreateBankAccountsModelResponse.md
  - docs/Models/Operations/ListBankAccountsRequest.md
  - docs/Models/Operations/ListBankAccountsResponse.md
  - docs/Models/Operations/CreateBankTransactionsRequest.md
  - docs/Models/Operations/CreateBankTransactionsResponse.md
  - docs/Models/Operations/GetCreateOperationRequest.md
  - docs/Models/Operations/GetCreateOperationResponse.md
  - docs/Models/Operations/ListCreateOperationsRequest.md
  - docs/Models/Operations/ListCreateOperationsResponse.md
  - docs/Models/Operations/GetConfigurationRequest.md
  - docs/Models/Operations/GetConfigurationResponse.md
  - docs/Models/Operations/SetConfigurationRequest.md
  - docs/Models/Operations/SetConfigurationResponse.md
  - docs/Models/Shared/Zero.md
  - docs/Models/Shared/GroupReference.md
  - docs/Models/Shared/Company.md
  - docs/Models/Shared/SourceType.md
  - docs/Models/Shared/Connection.md
  - docs/Models/Shared/DataConnectionStatus.md
  - docs/Models/Shared/DataConnectionError.md
  - docs/Models/Shared/ErrorValidation.md
  - docs/Models/Shared/ErrorValidationItem.md
  - docs/Models/Shared/CompanyRequestBody.md
  - docs/Models/Shared/Items.md
  - docs/Models/Shared/Companies.md
  - docs/Models/Shared/Links.md
  - docs/Models/Shared/HalRef.md
  - docs/Models/Shared/Connections.md
  - docs/Models/Shared/BankFeedAccountMappingResponse.md
  - docs/Models/Shared/BankFeedMapping.md
  - docs/Models/Shared/TargetAccountOption.md
  - docs/Models/Shared/CompanyInformation.md
  - docs/Models/Shared/Status.md
  - docs/Models/Shared/SourceAccount.md
  - docs/Models/Shared/BankAccountCredentials.md
  - docs/Models/Shared/BankAccountCreateResponseBankAccountType.md
  - docs/Models/Shared/Metadata.md
  - docs/Models/Shared/SupplementalData.md
  - docs/Models/Shared/AccountingBankAccount.md
  - docs/Models/Shared/BankAccountCreateResponse.md
  - docs/Models/Shared/Validation.md
  - docs/Models/Shared/ValidationItem.md
  - docs/Models/Shared/PushOperationStatus.md
  - docs/Models/Shared/DataType.md
  - docs/Models/Shared/PushOperationChange.md
  - docs/Models/Shared/PushChangeType.md
  - docs/Models/Shared/PushOperationRef.md
  - docs/Models/Shared/BankAccountType.md
  - docs/Models/Shared/BankAccountPrototype.md
  - docs/Models/Shared/PushOption.md
  - docs/Models/Shared/PushValidationInfo.md
  - docs/Models/Shared/PushFieldValidation.md
  - docs/Models/Shared/PushOptionType.md
  - docs/Models/Shared/PushOptionProperty.md
  - docs/Models/Shared/PushOptionChoice.md
  - docs/Models/Shared/BankAccountsBankAccountType.md
  - docs/Models/Shared/BankAccountsMetadata.md
  - docs/Models/Shared/BankAccountsSupplementalData.md
  - docs/Models/Shared/BankAccountsAccountingBankAccount.md
  - docs/Models/Shared/BankAccounts.md
  - docs/Models/Shared/CreateBankTransactionsResponse.md
  - docs/Models/Shared/CreateBankTransactions.md
  - docs/Models/Shared/BankTransactionType.md
  - docs/Models/Shared/BankTransactions.md
  - docs/Models/Shared/PushOperation.md
  - docs/Models/Shared/PushOperations.md
  - docs/Models/Shared/Configuration.md
  - docs/Models/Shared/ConfigurationSchedule.md
  - docs/Models/Shared/SyncConfiguration.md
  - docs/Models/Shared/SyncAsExpenses.md
  - docs/Models/Shared/ConfigurationSupplier.md
  - docs/Models/Shared/ConfigurationContactRef.md
  - docs/Models/Shared/ConfigurationCustomer.md
  - docs/Models/Shared/BankAccountOption.md
  - docs/Models/Shared/SyncAsBankFeeds.md
  - docs/Models/Shared/Security.md
  - docs/Models/Shared/ClientRateLimitReachedWebhook.md
  - docs/Models/Shared/ClientRateLimitReachedWebhookData.md
  - docs/Models/Shared/ClientRateLimitResetWebhook.md
  - docs/Models/Shared/ClientRateLimitResetWebhookData.md
  - docs/Models/Shared/SourceAccountWebhook.md
  - docs/Models/Shared/SourceAccountWebhookPayload.md
  - docs/Models/Errors/ErrorMessage.md
  - docs/Models/Webhooks/ClientRateLimitReachedResponse.md
  - docs/Models/Webhooks/ClientRateLimitResetResponse.md
  - docs/Models/Webhooks/BankFeedsSourceAccountConnectedResponse.md
  - docs/Models/Webhooks/BankFeedsSourceAccountDisconnectedResponse.md
  - docs/sdks/codatbankfeeds/README.md
  - docs/sdks/companies/README.md
  - docs/sdks/connections/README.md
  - docs/sdks/accountmapping/README.md
  - docs/sdks/companyinformation/README.md
  - docs/sdks/sourceaccounts/README.md
  - docs/sdks/bankaccounts/README.md
  - docs/sdks/transactions/README.md
  - docs/sdks/configuration/README.md
  - USAGE.md
  - .gitattributes
  - Codat/BankFeeds/Hooks/SDKHooks.cs
  - Codat/BankFeeds/Hooks/HookTypes.cs
